github.com/aws/aws-lambda-go v1.37.0 h1:WXkQ/xhIcXZZ2P5ZBEw+bbAKeCEcb5NtiYpSwVVzIXg=
github.com/aws/aws-lambda-go v1.37.0/go.mod h1:jwFe2KmMsHmffA1X2R09hH6lFzJQxzI8qK17ewzbQMM=
github.com/aws/aws-sdk-go-v2 v1.17.5/go.mod h1:uzbQtefpm44goOPmdKyAlXSNcwlRgF3ePWVW6EtJvvw=
github.com/aws/aws-sdk-go-v2 v1.17.8 h1:GMupCNNI7FARX27L7GjCJM8NgivWbRgpjNI/hOQjFS8=
github.com/aws/aws-sdk-go-v2 v1.17.8/go.mod h1:uzbQtefpm44goOPmdKyAlXSNcwlRgF3ePWVW6EtJvvw=
github.com/aws/aws-sdk-go-v2/config v1.18.20 h1:yYy+onqmLmDVZtx0mkqbx8aJPl+58V6ivLbLDZ2Qztc=
github.com/aws/aws-sdk-go-v2/config v1.18.20/go.mod h1:RWjF39RiDevmHw/+VaD8F0A36OPIPTHQQyRx0eZohnw=
github.com/aws/aws-sdk-go-v2/credentials v1.13.19 h1:FWHJy9uggyQCSEhovtl/6W6rW9P6DSr62GUeY/TS6Eo=
github.com/aws/aws-sdk-go-v2/credentials v1.13.19/go.mod h1:2m4uvLvl5hvQezVkLeBBUGMEDm5GcUNc3016W6d3NGg=
github.com/aws/aws-sdk-go-v2/feature/ec2/imds v1.13.2 h1:jOzQAesnBFDmz93feqKnsTHsXrlwWORNZMFHMV+WLFU=
github.com/aws/aws-sdk-go-v2/feature/ec2/imds v1.13.2/go.mod h1:cDh1p6XkSGSwSRIArWRc6+UqAQ7x4alQ0QfpVR6f+co=
github.com/aws/aws-sdk-go-v2/internal/configsources v1.1.29/go.mod h1:Dip3sIGv485+xerzVv24emnjX5Sg88utCL8fwGmCeWg=
github.com/aws/aws-sdk-go-v2/internal/configsources v1.1.32 h1:dpbVNUjczQ8Ae3QKHbpHBpfvaVkRdesxpTOe9pTouhU=
github.com/aws/aws-sdk-go-v2/internal/configsources v1.1.32/go.mod h1:RudqOgadTWdcS3t/erPQo24pcVEoYyqj/kKW5Vya21I=
github.com/aws/aws-sdk-go-v2/internal/endpoints/v2 v2.4.23/go.mod h1:mr6c4cHC+S/MMkrjtSlG4QA36kOznDep+0fga5L/fGQ=
github.com/aws/aws-sdk-go-v2/internal/endpoints/v2 v2.4.26 h1:QH2kOS3Ht7x+u0gHCh06CXL/h6G8LQJFpZfFBYBNboo=
github.com/aws/aws-sdk-go-v2/internal/endpoints/v2 v2.4.26/go.mod h1:vq86l7956VgFr0/FWQ2BWnK07QC3WYsepKzy33qqY5U=
github.com/aws/aws-sdk-go-v2/internal/ini v1.3.33 h1:HbH1VjUgrCdLJ+4lnnuLI4iVNRvBbBELGaJ5f69ClA8=
github.com/aws/aws-sdk-go-v2/internal/ini v1.3.33/go.mod h1:zG2FcwjQarWaqXSCGpgcr3RSjZ6dHGguZSppUL0XR7Q=
github.com/aws/aws-sdk-go-v2/service/athena v1.22.4 h1:lRY7FksBlhEcQxWRLt9YUj31chGb8mjBG9I/wz6NwGI=
github.com/aws/aws-sdk-go-v2/service/athena v1.22.4/go.mod h1:Fs4cS1T9JdT3mFk6IjpJsTFrwaAd9TQs0WWOeTypAdA=
github.com/aws/aws-sdk-go-v2/service/internal/presigned-url v1.9.26 h1:uUt4XctZLhl9wBE1L8lobU3bVN8SNUP7T+olb0bWBO4=
github.com/aws/aws-sdk-go-v2/service/internal/presigned-url v1.9.26/go.mod h1:Bd4C/4PkVGubtNe5iMXu5BNnaBi/9t/UsFspPt4ram8=
github.com/aws/aws-sdk-go-v2/service/sso v1.12.7 h1:rrYYhsvcvg6CDDoo4GHKtAWBFutS86CpmGvqHJHYL9w=
github.com/aws/aws-sdk-go-v2/service/sso v1.12.7/go.mod h1:GNIveDnP+aE3jujyUSH5aZ/rktsTM5EvtKnCqBZawdw=
github.com/aws/aws-sdk-go-v2/service/ssooidc v1.14.7 h1:Vjpjt3svuJ/u+eKRfycZwqLsLoxyuvvZyHMJSk+3k58=
github.com/aws/aws-sdk-go-v2/service/ssooidc v1.14.7/go.mod h1:44qFP1g7pfd+U+sQHLPalAPKnyfTZjJsYR4xIwsJy5o=
github.com/aws/aws-sdk-go-v2/service/sts v1.18.8 h1:SQ8pPoXfzuz4DImO4KAi9xhO4ANG0Ckb5clZ5GoRAPw=
github.com/aws/aws-sdk-go-v2/service/sts v1.18.8/go.mod h1:yyW88BEPXA2fGFyI2KCcZC3dNpiT0CZAHaF+i656/tQ=
github.com/aws/smithy-go v1.13.5 h1:hgz0X/DX0dGqTYpGALqXJoRKRj5oQ7150i5FdTePzO8=
github.com/aws/smithy-go v1.13.5/go.mod h1:Tg+OJXh4MB2R/uN61Ko2f6hTZwB/ZYGOtib8J3gBHzA=
github.com/davecgh/go-spew v1.1.0/go.mod h1:J7Y8YcW2NihsgmVo/mv3lAwl/skON4iLHjSsI+c5H38=
github.com/davecgh/go-spew v1.1.1 h1:vj9j/u1bqnvCEfJOwUhtlOARqs3+rkHYY13jYWTU97c=
github.com/google/go-cmp v0.5.8 h1:e6P7q2lk1O+qJJb4BtCQXlK8vWEO8V1ZeuEdJNOqZyg=
github.com/google/go-cmp v0.5.8/go.mod h1:17dUlkBOakJ0+DkrSSNjCkIjxS6bF9zb3elmeNGIjoY=
github.com/jmespath/go-jmespath v0.4.0/go.mod h1:T8mJZnbsbmF+m6zOOFylbeCJqk5+pHWvzYPziyZiYoo=
github.com/jmespath/go-jmespath/internal/testify v1.5.1/go.mod h1:L3OGu8Wl2/fWfCI6z80xFu9LTZmf1ZRjMHUOPmWr69U=
github.com/pmezard/go-difflib v1.0.0 h1:4DBwDE0NGyQoBHbLQYPwSUPoCMWR5BEzIk/f1lZbAQM=
github.com/pmezard/go-difflib v1.0.0/go.mod h1:iKH77koFhYxTK1pcRnkKkqfTogsbg7gZNVY4sRDYZ/4=
github.com/stretchr/objx v0.1.0/go.mod h1:HFkY916IF+rwdDfMAkV7OtwuqBVzrE8GR6GFx+wExME=
github.com/stretchr/testify v1.7.2 h1:4jaiDzPyXQvSd7D0EjG45355tLlV3VOECpq10pLC+8s=
gopkg.in/check.v1 v0.0.0-20161208181325-20d25e280405/go.mod h1:Co6ibVJAznAaIkqp8huTwlJQCZ016jof/cbN4VW5Yz0=
gopkg.in/yaml.v2 v2.2.8/go.mod h1:hI93XBmqTisBFMUTm0b8Fm+jr3Dg1NNxqwp+5A1VGuI=
gopkg.in/yaml.v3 v3.0.1 h1:fxVm/GzAzEWqLHuvctI91KS9hhNmmWOoWu0XTYJS7CA=
