github.com/aws/aws-lambda-go v1.41.0 h1:l/5fyVb6Ud9uYd411xdHZzSf2n86TakxzpvIoz7l+3Y=
github.com/aws/aws-lambda-go v1.41.0/go.mod h1:jwFe2KmMsHmffA1X2R09hH6lFzJQxzI8qK17ewzbQMM=
github.com/aws/aws-sdk-go-v2 v1.22.1 h1:sjnni/AuoTXxHitsIdT0FwmqUuNUuHtufcVDErVFT9U=
github.com/aws/aws-sdk-go-v2 v1.22.1/go.mod h1:Kd0OJtkW3Q0M0lUWGszapWjEvrXDzRW+D21JNsroB+c=
github.com/aws/aws-sdk-go-v2/config v1.22.0 h1:9Mm99OalzZRz0ab5fpodMoHBApHS6pqRNp3M9NmzvDg=
github.com/aws/aws-sdk-go-v2/config v1.22.0/go.mod h1:2eWgw5lps8fKI7LZVTrRTYP6HE6k/uEFUuTSHfXwqP0=
github.com/aws/aws-sdk-go-v2/credentials v1.15.1 h1:hmf6lAm9hk7uLCfapZn/jL05lm6Uwdbn1B0fgjyuf4M=
github.com/aws/aws-sdk-go-v2/credentials v1.15.1/go.mod h1:QTcHga3ZbQOneJuxmGBOCxiClxmp+TlvmjFexAnJ790=
github.com/aws/aws-sdk-go-v2/feature/ec2/imds v1.14.2 h1:gIeH4+o1MN/caGBWjoGQTUTIu94xD6fI5B2+TcwBf70=
github.com/aws/aws-sdk-go-v2/feature/ec2/imds v1.14.2/go.mod h1:wLyMIo/zPOhQhPXTddpfdkSleyigtFi8iMnC+2m/SK4=
github.com/aws/aws-sdk-go-v2/internal/configsources v1.2.1 h1:fi1ga6WysOyYb5PAf3Exd6B5GiSNpnZim4h1rhlBqx0=
github.com/aws/aws-sdk-go-v2/internal/configsources v1.2.1/go.mod h1:V5CY8wNurvPUibTi9mwqUqpiFZ5LnioKWIFUDtIzdI8=
github.com/aws/aws-sdk-go-v2/internal/endpoints/v2 v2.5.1 h1:ZpaV/j48RlPc4AmOZuPv22pJliXjXq8/reL63YzyFnw=
github.com/aws/aws-sdk-go-v2/internal/endpoints/v2 v2.5.1/go.mod h1:R8aXraabD2e3qv1csxM14/X9WF4wFMIY0kH4YEtYD5M=
github.com/aws/aws-sdk-go-v2/internal/ini v1.5.0 h1:DqOQvIfmGkXZUVJnl9VRk0AnxyS59tCtX9k1Pyss4Ak=
github.com/aws/aws-sdk-go-v2/internal/ini v1.5.0/go.mod h1:VV/Kbw9Mg1GWJOT9WK+oTL3cWZiXtapnNvDSRqTZLsg=
github.com/aws/aws-sdk-go-v2/service/athena v1.34.0 h1:wZaywaONfHerySRsAFWhA1Myoa9uTl5EuIYZ1zlZak4=
github.com/aws/aws-sdk-go-v2/service/athena v1.34.0/go.mod h1:WSRHaccpHc65b4OP63dElo5nLuMUoGhoDDzYr5tP5/k=
github.com/aws/aws-sdk-go-v2/service/internal/presigned-url v1.10.1 h1:2OXw3ppu1XsB6rqKEMV4tnecTjIY3PRV2U6IP6KPJQo=
github.com/aws/aws-sdk-go-v2/service/internal/presigned-url v1.10.1/go.mod h1:FZB4AdakIqW/yERVdGJA6Z9jraax1beXfhBBnK2wwR8=
github.com/aws/aws-sdk-go-v2/service/sso v1.17.0 h1:I/Oh3IxGPfHXiGnwM54TD6hNr/8TlUrBXAtTyGhR+zw=
github.com/aws/aws-sdk-go-v2/service/sso v1.17.0/go.mod h1:H6NCMvDBqA+CvIaXzaSqM6LWtzv9BzZrqBOqz+PzRF8=
github.com/aws/aws-sdk-go-v2/service/ssooidc v1.19.0 h1:irbXQkfVYIRaewYSXcu4yVk0m2T+JzZd0dkop7FjmO0=
github.com/aws/aws-sdk-go-v2/service/ssooidc v1.19.0/go.mod h1:4wPNCkM22+oRe71oydP66K50ojDUC33XutSMi2pEF/M=
github.com/aws/aws-sdk-go-v2/service/sts v1.25.0 h1:sYIFy8tm1xQwRvVQ4CRuBGXKIg9sHNuG6+3UAQuoujk=
github.com/aws/aws-sdk-go-v2/service/sts v1.25.0/go.mod h1:S/LOQUeYDfJeJpFCIJDMjy7dwL4aA33HUdVi+i7uH8k=
github.com/aws/smithy-go v1.16.0 h1:gJZEH/Fqh+RsvlJ1Zt4tVAtV6bKkp3cC+R6FCZMNzik=
github.com/aws/smithy-go v1.16.0/go.mod h1:NukqUGpCZIILqqiV0NIjeFh24kd/FAa4beRb6nbIUPE=
github.com/davecgh/go-spew v1.1.1 h1:vj9j/u1bqnvCEfJOwUhtlOARqs3+rkHYY13jYWTU97c=
github.com/davecgh/go-spew v1.1.1/go.mod h1:J7Y8YcW2NihsgmVo/mv3lAwl/skON4iLHjSsI+c5H38=
github.com/google/go-cmp v0.5.8 h1:e6P7q2lk1O+qJJb4BtCQXlK8vWEO8V1ZeuEdJNOqZyg=
github.com/google/go-cmp v0.5.8/go.mod h1:17dUlkBOakJ0+DkrSSNjCkIjxS6bF9zb3elmeNGIjoY=
github.com/pmezard/go-difflib v1.0.0 h1:4DBwDE0NGyQoBHbLQYPwSUPoCMWR5BEzIk/f1lZbAQM=
github.com/pmezard/go-difflib v1.0.0/go.mod h1:iKH77koFhYxTK1pcRnkKkqfTogsbg7gZNVY4sRDYZ/4=
github.com/stretchr/testify v1.7.2 h1:4jaiDzPyXQvSd7D0EjG45355tLlV3VOECpq10pLC+8s=
github.com/stretchr/testify v1.7.2/go.mod h1:R6va5+xMeoiuVRoj+gSkQ7d3FALtqAAGI1FQKckRals=
gopkg.in/yaml.v3 v3.0.1 h1:fxVm/GzAzEWqLHuvctI91KS9hhNmmWOoWu0XTYJS7CA=
gopkg.in/yaml.v3 v3.0.1/go.mod h1:K4uyk7z7BCEPqu6E+C64Yfv1cQ7kz7rIZviUmN+EgEM=
