cloud.google.com/go v0.26.0/go.mod h1:aQUYkXzVsufM+DwF1aE+0xfcU+56JwCaLick0ClmMTw=
github.com/BurntSushi/toml v0.3.1/go.mod h1:xHWCNGjB5oqiDr8zfno3MHue2Ht5sIBksp03qcyfWMU=
github.com/aws/aws-sdk-go-v2 v1.16.16 h1:M1fj4FE2lB4NzRb9Y0xdWsn2P0+2UHVxwKyOa4YJNjk=
github.com/aws/aws-sdk-go-v2 v1.16.16/go.mod h1:SwiyXi/1zTUZ6KIAmLK5V5ll8SiURNUYOqTerZPaF9k=
github.com/aws/aws-sdk-go-v2/aws/protocol/eventstream v1.4.8 h1:tcFliCWne+zOuUfKNRn8JdFBuWPDuISDH08wD2ULkhk=
github.com/aws/aws-sdk-go-v2/aws/protocol/eventstream v1.4.8/go.mod h1:JTnlBSot91steJeti4ryyu/tLd4Sk84O5W22L7O2EQU=
github.com/aws/aws-sdk-go-v2/config v1.17.8 h1:b9LGqNnOdg9vR4Q43tBTVWk4J6F+W774MSchvKJsqnE=
github.com/aws/aws-sdk-go-v2/config v1.17.8/go.mod h1:UkCI3kb0sCdvtjiXYiU4Zx5h07BOpgBTtkPu/49r+kA=
github.com/aws/aws-sdk-go-v2/credentials v1.12.21 h1:4tjlyCD0hRGNQivh5dN8hbP30qQhMLBE/FgQR1vHHWM=
github.com/aws/aws-sdk-go-v2/credentials v1.12.21/go.mod h1:O+4XyAt4e+oBAoIwNUYkRg3CVMscaIJdmZBOcPgJ8D8=
github.com/aws/aws-sdk-go-v2/feature/ec2/imds v1.12.17 h1:r08j4sbZu/RVi+BNxkBJwPMUYY3P8mgSDuKkZ/ZN1lE=
github.com/aws/aws-sdk-go-v2/feature/ec2/imds v1.12.17/go.mod h1:yIkQcCDYNsZfXpd5UX2Cy+sWA1jPgIhGTw9cOBzfVnQ=
github.com/aws/aws-sdk-go-v2/feature/s3/manager v1.11.34 h1:1PNtaCM+2ruo1dfYL2RweUdtbuPvinjAejjNcPa/RQY=
github.com/aws/aws-sdk-go-v2/feature/s3/manager v1.11.34/go.mod h1:+Six+CXNHYllXam32j+YW8ixk82+am345ei89kEz8p4=
github.com/aws/aws-sdk-go-v2/internal/configsources v1.1.23 h1:s4g/wnzMf+qepSNgTvaQQHNxyMLKSawNhKCPNy++2xY=
github.com/aws/aws-sdk-go-v2/internal/configsources v1.1.23/go.mod h1:2DFxAQ9pfIRy0imBCJv+vZ2X6RKxves6fbnEuSry6b4=
github.com/aws/aws-sdk-go-v2/internal/endpoints/v2 v2.4.17 h1:/K482T5A3623WJgWT8w1yRAFK4RzGzEl7y39yhtn9eA=
github.com/aws/aws-sdk-go-v2/internal/endpoints/v2 v2.4.17/go.mod h1:pRwaTYCJemADaqCbUAxltMoHKata7hmB5PjEXeu0kfg=
github.com/aws/aws-sdk-go-v2/internal/ini v1.3.24 h1:wj5Rwc05hvUSvKuOF29IYb9QrCLjU+rHAy/x/o0DK2c=
github.com/aws/aws-sdk-go-v2/internal/ini v1.3.24/go.mod h1:jULHjqqjDlbyTa7pfM7WICATnOv+iOhjletM3N0Xbu8=
github.com/aws/aws-sdk-go-v2/internal/v4a v1.0.14 h1:ZSIPAkAsCCjYrhqfw2+lNzWDzxzHXEckFkTePL5RSWQ=
github.com/aws/aws-sdk-go-v2/internal/v4a v1.0.14/go.mod h1:AyGgqiKv9ECM6IZeNQtdT8NnMvUb3/2wokeq2Fgryto=
github.com/aws/aws-sdk-go-v2/service/accessanalyzer v1.16.0 h1:rPv8ZiaTIwLp4JOCQAQcgPx7i2a7FTRY7lnyrNS0HbU=
github.com/aws/aws-sdk-go-v2/service/accessanalyzer v1.16.0/go.mod h1:l5+hat25VFsG9jpsXrtEYqw6Ih3pLaC5I4+8hrng7F4=
github.com/aws/aws-sdk-go-v2/service/acm v1.15.0 h1:4sSa3cL8uzjlDolTToD9Euiyc6QlBKjXK2v1+AKarxs=
github.com/aws/aws-sdk-go-v2/service/acm v1.15.0/go.mod h1:Z1R5+Iqa4L36pWaHVfj22p5pbyU4AK3LouizmYc/fuQ=
github.com/aws/aws-sdk-go-v2/service/apigateway v1.15.20 h1:Q6IzscGZ449enDjHFh7aRnmAP4sBTVycBcmVovWp2vU=
github.com/aws/aws-sdk-go-v2/service/apigateway v1.15.20/go.mod h1:slYv4+WTWbvNEWX1rvyi7Z2pvWEhA/wb54ImWf5VmjM=
github.com/aws/aws-sdk-go-v2/service/apigatewayv2 v1.12.18 h1:b+6dNRDFDdvW8wZcgHAW0LrLVoJQw5ACUMHU0WjV/1g=
github.com/aws/aws-sdk-go-v2/service/apigatewayv2 v1.12.18/go.mod h1:Ei6UH6WRGNA0URIdDX3efUFVc23XGfT+QbYLkgBIqQU=
github.com/aws/aws-sdk-go-v2/service/applicationautoscaling v1.15.18 h1:fR/OKqJXcty9YLJfD1Sx9dnSnxmvP4+XAYNDQu0vrHs=
github.com/aws/aws-sdk-go-v2/service/applicationautoscaling v1.15.18/go.mod h1:A6vkP7181ynLL46Dg8cn1ypwPIMR4YQZnHkApPAMu8w=
github.com/aws/aws-sdk-go-v2/service/apprunner v1.13.0 h1:QeUztbfN2IfSQDcquDjpiNWB1868Pw9Djq3yhkZxZhE=
github.com/aws/aws-sdk-go-v2/service/apprunner v1.13.0/go.mod h1:rvVqpumH/D1GiNubkuBoUv95cH0qr1SK7lhU/5WY5Lg=
github.com/aws/aws-sdk-go-v2/service/appsync v1.15.10 h1:Sdafu7E0qpxcV2tZmbLZRiX6LNBYwBrOC3gMmyHLyYQ=
github.com/aws/aws-sdk-go-v2/service/appsync v1.15.10/go.mod h1:ZZ57nmTVPrPp2P+2a2lS4BsTm6GLEmxjQBlX4rxnSoM=
github.com/aws/aws-sdk-go-v2/service/athena v1.18.10 h1:s8cE1HX3Pi53iMg+A+d7gGvmjA+Z4nH6u0BbbuFwXXE=
github.com/aws/aws-sdk-go-v2/service/athena v1.18.10/go.mod h1:LiVr7tVQ2lrlv82VQhyuulN8uysLHsEeptFjA5PY1Pc=
github.com/aws/aws-sdk-go-v2/service/autoscaling v1.23.16 h1:cp30gVVAbZfeDod6UJGppMH2+p+/cRCG2AZ1TbT+LqA=
github.com/aws/aws-sdk-go-v2/service/autoscaling v1.23.16/go.mod h1:hHTMeJt6CQwFdmS19RK1LsDscus8c25Ve8KiYRhsISg=
github.com/aws/aws-sdk-go-v2/service/backup v1.17.9 h1:MuOocIwjHn4xHfOPGnjHs/1IrfjChESIhr2mbZMRYtc=
github.com/aws/aws-sdk-go-v2/service/backup v1.17.9/go.mod h1:7wibi2KeZ1PUrLlxFHOSBKBmmrQBCXJSOUg5GoKa2OM=
github.com/aws/aws-sdk-go-v2/service/cloudformation v1.22.10 h1:Stmfzuj3KSEBB3tbz7MScXjdmXZbDWo/qLYdpu9uX30=
github.com/aws/aws-sdk-go-v2/service/cloudformation v1.22.10/go.mod h1:25Dm6AWo23nKPF1kmGP3MpgCWixf4t8ViwWemcTFXQU=
github.com/aws/aws-sdk-go-v2/service/cloudfront v1.20.5 h1:nLAPA7/DSmDWYP/MGtRNP6bHjiL8Fmyg8qeDxW90nm0=
github.com/aws/aws-sdk-go-v2/service/cloudfront v1.20.5/go.mod h1:HYQXu2AKM7RLCn3APoQ5EvL2N/RlI4LSNN8pIGbdaDQ=
github.com/aws/aws-sdk-go-v2/service/cloudhsmv2 v1.13.19 h1:ra5OmtvAkz8r58HVi/DiecemN/7TMttC7Wb3NzBSh+4=
github.com/aws/aws-sdk-go-v2/service/cloudhsmv2 v1.13.19/go.mod h1:Wl9LHyboc/cg5kc6L/oZUkjj7NnRmqg14K1TKB1XO48=
github.com/aws/aws-sdk-go-v2/service/cloudtrail v1.18.2 h1:41Vb4xqg9XZ9TES2e6PB+PuctUSVJLS84l1/jYIykU4=
github.com/aws/aws-sdk-go-v2/service/cloudtrail v1.18.2/go.mod h1:ie2MjsIIl3B504HezWdwXAgvBJGBpz360cckbkhiyRk=
github.com/aws/aws-sdk-go-v2/service/cloudwatch v1.21.6 h1:Mwb2A5ygEijjkxgM3hVEiWSHwdH82nkyU2wgP4u/Hxk=
github.com/aws/aws-sdk-go-v2/service/cloudwatch v1.21.6/go.mod h1:CCrqOzLQ6d1+zauyTah8o50m9dQu0NS/kaC0heWCu0c=
github.com/aws/aws-sdk-go-v2/service/cloudwatchlogs v1.15.20 h1:yPyXdrZaB4SW+pn2CmqyAbhuqGM4Pv4fsMhLOt8cOj8=
github.com/aws/aws-sdk-go-v2/service/cloudwatchlogs v1.15.20/go.mod h1:p2i2jyYZzFBJeOOQ5ji2k/Yc6IvlQsG/CuHRwEi8whs=
github.com/aws/aws-sdk-go-v2/service/codebuild v1.19.17 h1:Phl0QyhBW8mzNpQxin1Dyp+rXBultaQqkGEsmDCWYGQ=
github.com/aws/aws-sdk-go-v2/service/codebuild v1.19.17/go.mod h1:jwvgRGwqsF5vN4xQo2WcRaQLUJTP0RjV8laURrBaLxk=
github.com/aws/aws-sdk-go-v2/service/codepipeline v1.13.17 h1:qL0e8wM9twp6A4o3sYzY7H1jcrJ+p3gekesVgJ1sW1o=
github.com/aws/aws-sdk-go-v2/service/codepipeline v1.13.17/go.mod h1:oS2kwp7C+gV5zcL+jsh+eWatWA0gRgWkyvYH3fWLDyQ=
github.com/aws/aws-sdk-go-v2/service/cognitoidentity v1.14.1 h1:CfSvCcpv1bWe8Ck3zNmSuki0DDgs31NPwdptir2O+H4=
github.com/aws/aws-sdk-go-v2/service/cognitoidentity v1.14.1/go.mod h1:9H2ZJfihqw1oWSRuc//ZLRcX3BjWllBnZR/kgHdkGU4=
github.com/aws/aws-sdk-go-v2/service/cognitoidentityprovider v1.20.1 h1:3twZ3u4ePYjisUBmvynMHV4Sgc8BrfGHhWpqKNiR0z0=
github.com/aws/aws-sdk-go-v2/service/cognitoidentityprovider v1.20.1/go.mod h1:FwwK3J/x5egx+4xQ+cek0ws3fEHMlzq6iDyeEL0QB1I=
github.com/aws/aws-sdk-go-v2/service/configservice v1.26.1 h1:AXRaDlKTpTwZSNDJ45lFBNffVr7HgsnKJVCsIGOazfU=
github.com/aws/aws-sdk-go-v2/service/configservice v1.26.1/go.mod h1:gUkX23mhePjv7vi+bUA+i9YHjN3n+cowzwa+o8GeEGQ=
github.com/aws/aws-sdk-go-v2/service/databasemigrationservice v1.21.12 h1:am8m5vPeYddIZ2YbqftHK1NpMvBjDrE3diQB5j7A5Qo=
github.com/aws/aws-sdk-go-v2/service/databasemigrationservice v1.21.12/go.mod h1:x7Wa+ilVQOvlj/i/FXsOk3ncJWVLrETe3Bdn0nJ3P1A=
github.com/aws/aws-sdk-go-v2/service/dax v1.11.17 h1:rCoxYoc3DKN9vPhBuPc3BlmeRxj89Sqm1ttUtsdNY7Y=
github.com/aws/aws-sdk-go-v2/service/dax v1.11.17/go.mod h1:R4VQD2TsjcyvOEUI7/579d6wRz0t7QfseyBC6yXUUhE=
github.com/aws/aws-sdk-go-v2/service/directconnect v1.17.18 h1:q+dshU9gcIrY5JF5vZ7akirdmWVS2B1I78FqPx3scpk=
github.com/aws/aws-sdk-go-v2/service/directconnect v1.17.18/go.mod h1:iDmxR9o2Q4yxClG2OyOHDxGk6QBt0SHipHpB5bEmzR0=
github.com/aws/aws-sdk-go-v2/service/dynamodb v1.17.1 h1:1QpTkQIAaZpR387it1L+erjB5bStGFCJRvmXsodpPEU=
github.com/aws/aws-sdk-go-v2/service/dynamodb v1.17.1/go.mod h1:BZhn/C3z13ULTSstVi2Kymc62bgjFh/JwLO9Tm2OFYI=
github.com/aws/aws-sdk-go-v2/service/ec2 v1.63.1 h1:jSS5gynKz4XaGcs6m25idCTN+tvPkRJ2WedSWCcZEjI=
github.com/aws/aws-sdk-go-v2/service/ec2 v1.63.1/go.mod h1:0+6fPoY0SglgzQUs2yml7X/fup12cMlVumJufh5npRQ=
github.com/aws/aws-sdk-go-v2/service/ecr v1.17.18 h1:uiF/RI+Up8H2xdgT2GWa20YzxiKEalHieqNjm6HC3Xk=
github.com/aws/aws-sdk-go-v2/service/ecr v1.17.18/go.mod h1:DQtDYmexqR+z+B6HBCvY7zK/tuXKv6Zy/IwOXOK3eow=
github.com/aws/aws-sdk-go-v2/service/ecrpublic v1.13.17 h1:bcQy5/dcJO8VQD+p0tDoIYdgEC3ch9f1/BNRES7XMug=
github.com/aws/aws-sdk-go-v2/service/ecrpublic v1.13.17/go.mod h1:r1Vuka0kyzqN0sZm4lYTXf0Vhl+o/mTLq6vKpBBZYaQ=
github.com/aws/aws-sdk-go-v2/service/ecs v1.18.24 h1:AiUxoSHwCleBjLvj0/KJEAP+Aedu2LD0j6AuHcwpzbM=
github.com/aws/aws-sdk-go-v2/service/ecs v1.18.24/go.mod h1:6bV2xEub6Vch19ZZASMbrNMNIpBPTwy64r9WIQ+wsSE=
github.com/aws/aws-sdk-go-v2/service/efs v1.17.15 h1:HgRxrC7KIUJW6gFf4AEjFPvrgh73aADaa1XZpiFsfgA=
github.com/aws/aws-sdk-go-v2/service/efs v1.17.15/go.mod h1:xwXDmrVGNncQhSXhMbm7pE14Vcyc3QbzblKsvNms0/E=
github.com/aws/aws-sdk-go-v2/service/eks v1.22.1 h1:f07Bk+xMm0Q8PCzvrBg8Bd6m67CTvZSxQWB0H7ZEJOU=
github.com/aws/aws-sdk-go-v2/service/eks v1.22.1/go.mod h1:YoafRRQM4SnTFwb49e4LCAel6n99q2DMxkeAfbgvq8s=
github.com/aws/aws-sdk-go-v2/service/elasticache v1.22.10 h1:QFLruWwQeR6LWtNwVORmbk7dfCoimNtgpUbFNNGXt6w=
github.com/aws/aws-sdk-go-v2/service/elasticache v1.22.10/go.mod h1:DUZW0DuaDQHJVgiRl2AFiveurN9HPd+dkcSUtjWc3a4=
github.com/aws/aws-sdk-go-v2/service/elasticbeanstalk v1.14.18 h1:w+VyGXpRZvj51v8+QFjV5Be7BGUWVpYw51/XZYNYmqc=
github.com/aws/aws-sdk-go-v2/service/elasticbeanstalk v1.14.18/go.mod h1:nmnOtHoUFFGXVWyeNbqhHNbAUXibWfw4G0QuDb6+Xuo=
github.com/aws/aws-sdk-go-v2/service/elasticloadbalancing v1.14.18 h1:XEjSrWz3OhQfc1rRoq0qs5IW6ZwJ6ejb8IIO67+AHz4=
github.com/aws/aws-sdk-go-v2/service/elasticloadbalancing v1.14.18/go.mod h1:dld+I3dPPYPbpTsX/SJ7AN/M8FNjE+/+fZlYtV4sceU=
github.com/aws/aws-sdk-go-v2/service/elasticloadbalancingv2 v1.18.20 h1:dJngzOIJ6J8lVzsEiPQwB5nTL5UjwuYjiHflORBnobE=
github.com/aws/aws-sdk-go-v2/service/elasticloadbalancingv2 v1.18.20/go.mod h1:tAKN3/tWkL0P+WA44wSkNyk6wWcbHUfTV2F3j3o6Yhs=
github.com/aws/aws-sdk-go-v2/service/elasticsearchservice v1.16.10 h1:R8edMXNKBaic58L371826hNQanJSjirStcIAkXNe/bQ=
github.com/aws/aws-sdk-go-v2/service/elasticsearchservice v1.16.10/go.mod h1:VPuMdyWzqCRgv5qTww9yeauwGsOxVbtP2OyqXVyZB8g=
github.com/aws/aws-sdk-go-v2/service/emr v1.20.11 h1:YpP+XtFfsJQoehZgCsbeaROtKFbAY1bWKId/KJu4JmU=
github.com/aws/aws-sdk-go-v2/service/emr v1.20.11/go.mod h1:0/0//Fz5074ATb+b/Vdhs61Vqhxw5qAHu405lRLjZ4w=
github.com/aws/aws-sdk-go-v2/service/eventbridge v1.16.15 h1:Gfz/Tb8RVsqJ/Djq8y+be/aN/XzcgRgeSovFZKq1vqM=
github.com/aws/aws-sdk-go-v2/service/eventbridge v1.16.15/go.mod h1:Z3NK4pbNBv7d+lzo2TGOMZG87eSddtbrgdzktAwzZpY=
github.com/aws/aws-sdk-go-v2/service/firehose v1.14.19 h1:ZixUxhof6atH8oppf3nAuGIypDiUb+NlkoAqBWCEysU=
github.com/aws/aws-sdk-go-v2/service/firehose v1.14.19/go.mod h1:b6JZhhQAJ41f8eUzOHVBKWVzmz6f1BwM/7n4Gm6ET9c=
github.com/aws/aws-sdk-go-v2/service/fsx v1.25.0 h1:q//cV2/u6Sv7KFDJHIm2EttWaEq95Zs7BjedBM+FChU=
github.com/aws/aws-sdk-go-v2/service/fsx v1.25.0/go.mod h1:pjzNrKeJc+qRfGYCPsFuPc7/P5zM3DL1dpxtGbrTfWs=
github.com/aws/aws-sdk-go-v2/service/glacier v1.13.17 h1:oOw5Y/aRQWOr+G9rC9SUgSEfQwF+uXxnddLkBRzAFUg=
github.com/aws/aws-sdk-go-v2/service/glacier v1.13.17/go.mod h1:l6wthXw/l38/jEr0Bz7LJYcZKEbzwKNaw0+ftgql0cM=
github.com/aws/aws-sdk-go-v2/service/glue v1.33.0 h1:rckWHoo5WNp2geF1yjvvLvO9TDTAeAJbHulXuzwN2SE=
github.com/aws/aws-sdk-go-v2/service/glue v1.33.0/go.mod h1:aupHsCJmK66t1MQ542c6qBSuJYEA2IwKmwi4M3jdT1M=
github.com/aws/aws-sdk-go-v2/service/guardduty v1.16.0 h1:Zj6n2egIXSXokHPKaqlaFZ5mtncbAp3sqHjb8i5q7/8=
github.com/aws/aws-sdk-go-v2/service/guardduty v1.16.0/go.mod h1:+yj8D0vZZYAQQzeMR7Mv1ZPmNReqbnNVGdov8cd//UE=
github.com/aws/aws-sdk-go-v2/service/iam v1.18.20 h1:Kv+0rsPs7+Q7b2t9UAVUZONv2qdfSInySmBC9kaCyd8=
github.com/aws/aws-sdk-go-v2/service/iam v1.18.20/go.mod h1:pDBRPE4AibneAh4P6fZuU3eUkAgYirM88o2M2MxIXlg=
github.com/aws/aws-sdk-go-v2/service/inspector v1.12.17 h1:70FBbSCjixiFKfAzTWT8YNMssxQ/JYx3H24umaq4KSc=
github.com/aws/aws-sdk-go-v2/service/inspector v1.12.17/go.mod h1:/+R56Doh6M7IYKhwVJzTOiuKOall8qm2jxCaF0ehw74=
github.com/aws/aws-sdk-go-v2/service/inspector2 v1.8.1 h1:Q4OBuhQrSt1/T8hyy5nwuxwT9vDezsADQt8x4eDj3Z4=
github.com/aws/aws-sdk-go-v2/service/inspector2 v1.8.1/go.mod h1:ijgzkrNZIbIzkWFET1RpQ1G46eFYmdoEx8yh6OUuXso=
github.com/aws/aws-sdk-go-v2/service/internal/accept-encoding v1.9.9 h1:Lh1AShsuIJTwMkoxVCAYPJgNG5H+eN6SmoUn8nOZ5wE=
github.com/aws/aws-sdk-go-v2/service/internal/accept-encoding v1.9.9/go.mod h1:a9j48l6yL5XINLHLcOKInjdvknN+vWqPBxqeIDw7ktw=
github.com/aws/aws-sdk-go-v2/service/internal/checksum v1.1.18 h1:BBYoNQt2kUZUUK4bIPsKrCcjVPUMNsgQpNAwhznK/zo=
github.com/aws/aws-sdk-go-v2/service/internal/checksum v1.1.18/go.mod h1:NS55eQ4YixUJPTC+INxi2/jCqe1y2Uw3rnh9wEOVJxY=
github.com/aws/aws-sdk-go-v2/service/internal/endpoint-discovery v1.7.17 h1:o0Ia3nb56m8+8NvhbCDiSBiZRNUwIknVWobx5vks0Vk=
github.com/aws/aws-sdk-go-v2/service/internal/endpoint-discovery v1.7.17/go.mod h1:WJD9FbkwzM2a1bZ36ntH6+5Jc+x41Q4K2AcLeHDLAS8=
github.com/aws/aws-sdk-go-v2/service/internal/presigned-url v1.9.17 h1:Jrd/oMh0PKQc6+BowB+pLEwLIgaQF29eYbe7E1Av9Ug=
github.com/aws/aws-sdk-go-v2/service/internal/presigned-url v1.9.17/go.mod h1:4nYOrY41Lrbk2170/BGkcJKBhws9Pfn8MG3aGqjjeFI=
github.com/aws/aws-sdk-go-v2/service/internal/s3shared v1.13.17 h1:HfVVR1vItaG6le+Bpw6P4midjBDMKnjMyZnw9MXYUcE=
github.com/aws/aws-sdk-go-v2/service/internal/s3shared v1.13.17/go.mod h1:YqMdV+gEKCQ59NrB7rzrJdALeBIsYiVi8Inj3+KcqHI=
github.com/aws/aws-sdk-go-v2/service/iot v1.29.1 h1:DuZ0rAM8YXLoDKnbPyBO8SEj/JdsCtarUPq76Usmup8=
github.com/aws/aws-sdk-go-v2/service/iot v1.29.1/go.mod h1:GlnDMyUXGAsZEm1AlZ99xqWEj9DTEZzEkIv18BqidkY=
github.com/aws/aws-sdk-go-v2/service/kinesis v1.15.19 h1:qVaBkJxFxm6o/9DPNnJU6L9O3V7ycEKhCvRm2BFBQTU=
github.com/aws/aws-sdk-go-v2/service/kinesis v1.15.19/go.mod h1:9rLNg+J9SEe7rhge/YzKU3QTovlLqOmqH8akb0IB1ko=
github.com/aws/aws-sdk-go-v2/service/kms v1.18.12 h1:uJ09tK7qb/dExWOdwTWJjujKJ61Xk+Vz0lJoEGz0csg=
github.com/aws/aws-sdk-go-v2/service/kms v1.18.12/go.mod h1:DZtboupHLNr0p6qHw9r3kR8MUnN/rc4AAVmNpe2ocuU=
github.com/aws/aws-sdk-go-v2/service/lambda v1.24.6 h1:N7RkXX2SJbN+TCp295J3LdMR0KRFd2Bhi5nIO+svLQY=
github.com/aws/aws-sdk-go-v2/service/lambda v1.24.6/go.mod h1:oTJIIluTaJCRT6xP1AZpuU3JwRHBC0Q5O4Hg+SUxFHw=
github.com/aws/aws-sdk-go-v2/service/lightsail v1.23.0 h1:p/G/p2goOmypzhS8DdIliYeHoQBdiwQk13+smqd6cgI=
github.com/aws/aws-sdk-go-v2/service/lightsail v1.23.0/go.mod h1:55vPMLLzd2pVeWCPl04jqHqR5yWqafKS/ULZZDbEh2Y=
github.com/aws/aws-sdk-go-v2/service/mq v1.13.13 h1:EwRZG7zO6f81vd3xfe3dgSQcGHu3LjsFXezx6sfmWpA=
github.com/aws/aws-sdk-go-v2/service/mq v1.13.13/go.mod h1:8+R6AD/LfQTdn4fhUdb5/z7LonKkJI2fsIJZz+bJs3s=
github.com/aws/aws-sdk-go-v2/service/neptune v1.17.12 h1:QxMwblYXBaAUnQsSbGGmGlqj5/lHJKaEr1HcMXnnaok=
github.com/aws/aws-sdk-go-v2/service/neptune v1.17.12/go.mod h1:0arQRjGdCQgRNLiCIv5FEFCgQkDMUiLkv0mkrUbSrNE=
github.com/aws/aws-sdk-go-v2/service/organizations v1.16.13 h1:MDVXHnv3dioSBDzz9q/8bw8uSm8twVt6VzL2B95XZQ8=
github.com/aws/aws-sdk-go-v2/service/organizations v1.16.13/go.mod h1:wLMClUpFdKtexkH7s/3Hexe4XwrXi4QDyqkPC/QMS+A=
github.com/aws/aws-sdk-go-v2/service/qldb v1.14.18 h1:Y2e7C119AGi0vA6cScJtZcxVyGh63ppKgwrM6xOZMyk=
github.com/aws/aws-sdk-go-v2/service/qldb v1.14.18/go.mod h1:qTtlqgcrVVG0bqbpF8sKAKwnE31wZZyxjJ7AxOiNxfQ=
github.com/aws/aws-sdk-go-v2/service/rds v1.26.1 h1:tiXsw36GaRUWMcH5uRM2uM7vo+bNsa1mEOn68ZOBjWA=
github.com/aws/aws-sdk-go-v2/service/rds v1.26.1/go.mod h1:d8jJiNpy2cyl52sw5msQQ12ajEbPAK+twYPR7J35slw=
github.com/aws/aws-sdk-go-v2/service/redshift v1.26.10 h1:kcIrxL9JKLVbh8JSwGR3v4zsFAtybTSncY9RZtmgJXk=
github.com/aws/aws-sdk-go-v2/service/redshift v1.26.10/go.mod h1:Sy+CUk5vCp1B9P5MhQQEigdm3AnlxCmx6wXS7KQD/mM=
github.com/aws/aws-sdk-go-v2/service/resourcegroups v1.12.18 h1:JYhykKdq3dMSc/mGBUWgiwqfSHH+f5w6hv0lTfOlOBA=
github.com/aws/aws-sdk-go-v2/service/resourcegroups v1.12.18/go.mod h1:azgpBy+Y13F2mx2g/BBm121P87pXF1sXP5g+bONf7ow=
github.com/aws/aws-sdk-go-v2/service/route53 v1.22.2 h1:xxCS9CIRNBaXVxeRk6Oa54o1GDvwWPN2mC4ZvLt/4/Q=
github.com/aws/aws-sdk-go-v2/service/route53 v1.22.2/go.mod h1:kBlmUeN2zAmSUU2/5Zubr9SzeSin/z1AfdlfO1bWpQg=
github.com/aws/aws-sdk-go-v2/service/route53domains v1.12.17 h1:Y/ay2+KWFoPBWP5p4VnWi7uCnZe+C6kdTlYUZC1w30U=
github.com/aws/aws-sdk-go-v2/service/route53domains v1.12.17/go.mod h1:8kD6U3g33wPkjgM8boZrrVeXT6kmaWKf0nHquE2wWVU=
github.com/aws/aws-sdk-go-v2/service/s3 v1.27.11 h1:3/gm/JTX9bX8CpzTgIlrtYpB3EVBDxyg/GY/QdcIEZw=
github.com/aws/aws-sdk-go-v2/service/s3 v1.27.11/go.mod h1:fmgDANqTUCxciViKl9hb/zD5LFbvPINFRgWhDbR+vZo=
github.com/aws/aws-sdk-go-v2/service/s3control v1.24.0 h1:sUzmjWeHc74jxbxuqlCj21Np3pspePMPJGXgjanQujQ=
github.com/aws/aws-sdk-go-v2/service/s3control v1.24.0/go.mod h1:OGlbj8zUJ6BavucCjkjcvmBxFaYcuRW8easK//ktnx4=
github.com/aws/aws-sdk-go-v2/service/sagemaker v1.47.0 h1:B0OP3mqT1HRF5EVa5hTpej4mRevdcdP76ugrl8iovew=
github.com/aws/aws-sdk-go-v2/service/sagemaker v1.47.0/go.mod h1:399X+P/GvxXrwvZStU+rIyRGUAOnaYFeVwmZQ8+nuaM=
github.com/aws/aws-sdk-go-v2/service/secretsmanager v1.16.2 h1:3x1Qilin49XQ1rK6pDNAfG+DmCFPfB7Rrpl+FUDAR/0=
github.com/aws/aws-sdk-go-v2/service/secretsmanager v1.16.2/go.mod h1:HEBBc70BYi5eUvxBqC3xXjU/04NO96X/XNUe5qhC7Bc=
github.com/aws/aws-sdk-go-v2/service/sesv2 v1.13.18 h1:Efm2CjXDoWK1NOu+w2+Ik0xne0BKDtq6T5ti/+9/NiQ=
github.com/aws/aws-sdk-go-v2/service/sesv2 v1.13.18/go.mod h1:y+PVz3TeQYhlvP7NbmYDXuwflXBbK1s5I2O7SVTiWyw=
github.com/aws/aws-sdk-go-v2/service/shield v1.17.9 h1:prgvP9PrnsmwXloveYpXHTJkQB6t3KM/IYS6JIwb+qs=
github.com/aws/aws-sdk-go-v2/service/shield v1.17.9/go.mod h1:QSyTpA0al2D44fQ5qmTSf4EKl+xjyW1zpOWMUkkKNVI=
github.com/aws/aws-sdk-go-v2/service/sns v1.18.1 h1:nxfBH9r3VUyybIOWdbIBJ/d5I1wdG7FwIoZ/BH/EhS8=
github.com/aws/aws-sdk-go-v2/service/sns v1.18.1/go.mod h1:sIIc12m8ASRbCgOERccSSkTFeekFfHKEM4TKAvzJpG0=
github.com/aws/aws-sdk-go-v2/service/sqs v1.19.10 h1:Y4civ9pg5cbQkSf/YGMfFZaIPAAAK61JV+NIzO8Ri4k=
github.com/aws/aws-sdk-go-v2/service/sqs v1.19.10/go.mod h1:65Z/rmGw/6usiOFI0Tk4ddNUmPbjjPER1WLZwnFqxFM=
github.com/aws/aws-sdk-go-v2/service/ssm v1.31.0 h1:zBiXS2v+ycKZ61bTBR1jGqIJhEW7Qjcl8c/mrkUNeog=
github.com/aws/aws-sdk-go-v2/service/ssm v1.31.0/go.mod h1:JtkQSJFGEovwP6s+guH5Ap7iUemh3nMqHtg5liCv9ok=
github.com/aws/aws-sdk-go-v2/service/sso v1.11.23 h1:pwvCchFUEnlceKIgPUouBJwK81aCkQ8UDMORfeFtW10=
github.com/aws/aws-sdk-go-v2/service/sso v1.11.23/go.mod h1:/w0eg9IhFGjGyyncHIQrXtU8wvNsTJOP0R6PPj0wf80=
github.com/aws/aws-sdk-go-v2/service/ssooidc v1.13.6 h1:OwhhKc1P9ElfWbMKPIbMMZBV6hzJlL2JKD76wNNVzgQ=
github.com/aws/aws-sdk-go-v2/service/ssooidc v1.13.6/go.mod h1:csZuQY65DAdFBt1oIjO5hhBR49kQqop4+lcuCjf2arA=
github.com/aws/aws-sdk-go-v2/service/sts v1.16.19 h1:9pPi0PsFNAGILFfPCk8Y0iyEBGc6lu6OQ97U7hmdesg=
github.com/aws/aws-sdk-go-v2/service/sts v1.16.19/go.mod h1:h4J3oPZQbxLhzGnk+j9dfYHi5qIOVJ5kczZd658/ydM=
github.com/aws/aws-sdk-go-v2/service/transfer v1.23.0 h1:eqmqiPAJtKUlhk20wQyqbAP5VFp9ENQpBII2juEc18g=
github.com/aws/aws-sdk-go-v2/service/transfer v1.23.0/go.mod h1:rlMrFQZ+Qd1y1In4sF4uSU8t/v+enZ+2GRL7JNxuvnE=
github.com/aws/aws-sdk-go-v2/service/waf v1.11.17 h1:uppvIS/ForUF0VgXzzXRO+eAWMPZaDwLQaifGIPFVk4=
github.com/aws/aws-sdk-go-v2/service/waf v1.11.17/go.mod h1:lD+RVRUK7ARvACBBnPcFY9Np7OBAIlVqHPHCfDFezZ0=
github.com/aws/aws-sdk-go-v2/service/wafregional v1.12.18 h1:E/tfURfCZL7/GhMOkz7Q1ZmILwXi28C1Ym0OCL6/h3c=
github.com/aws/aws-sdk-go-v2/service/wafregional v1.12.18/go.mod h1:uaMDHcgMHW8RnU2OGHCihT8f9XB4oHEXdzU76E9SLPQ=
github.com/aws/aws-sdk-go-v2/service/wafv2 v1.22.9 h1:n7rgRjxSPyarsD4U8VVzRgbFBjkpBgt8To0R0sHWaqc=
github.com/aws/aws-sdk-go-v2/service/wafv2 v1.22.9/go.mod h1:7XEbBNQvBzac0W9X2MTFMYqs/MBqlUGS1eLYIsPDPfc=
github.com/aws/aws-sdk-go-v2/service/workspaces v1.23.0 h1:lrgZ9pZm9utPOPAXmQhqtf8oWRRksoSFxOE8RoD+pHc=
github.com/aws/aws-sdk-go-v2/service/workspaces v1.23.0/go.mod h1:vPam8+zGthTXeaFWgl3Uqbzo/0QEoXF22jpuMZ97hSk=
github.com/aws/aws-sdk-go-v2/service/xray v1.13.19 h1:oNyGKMo59xuN+TS1DSQ7KxrjrPzEe/IupYnr10HNAu0=
github.com/aws/aws-sdk-go-v2/service/xray v1.13.19/go.mod h1:o5UovY8V5FE5L+m5luR1fkV2tYtaQylg+vtn9k2/d+A=
github.com/aws/smithy-go v1.13.3 h1:l7LYxGuzK6/K+NzJ2mC+VvLUbae0sL3bXU//04MkmnA=
github.com/aws/smithy-go v1.13.3/go.mod h1:Tg+OJXh4MB2R/uN61Ko2f6hTZwB/ZYGOtib8J3gBHzA=
github.com/basgys/goxml2json v1.1.0 h1:4ln5i4rseYfXNd86lGEB+Vi652IsIXIvggKM/BhUKVw=
github.com/basgys/goxml2json v1.1.0/go.mod h1:wH7a5Np/Q4QoECFIU8zTQlZwZkrilY0itPfecMw41Dw=
github.com/bitly/go-simplejson v0.5.0 h1:6IH+V8/tVMab511d5bn4M7EwGXZf9Hj6i2xSwkNEM+Y=
github.com/bitly/go-simplejson v0.5.0/go.mod h1:cXHtHw4XUPsvGaxgjIAn8PhEWG9NfngEKAMDJEczWVA=
github.com/bradleyjkemp/cupaloy/v2 v2.8.0 h1:any4BmKE+jGIaMpnU8YgH/I2LPiLBufr6oMMlVBbn9M=
github.com/client9/misspell v0.3.4/go.mod h1:qj6jICC3Q7zFZvVWo7KLAzC3yx5G7kyvSDkc90ppPyw=
github.com/cloudquery/plugin-sdk v0.13.12 h1:GqXo9eeK5Y3k4tDg32m83Orv93GMYgAXJLQ0+1yVyac=
github.com/cloudquery/plugin-sdk v0.13.12/go.mod h1:8mt4PDjek0NkldnWFnM/i0zpfyUYVcRy/imEN1L/Cxs=
github.com/coreos/go-systemd v0.0.0-20190321100706-95778dfbb74e/go.mod h1:F5haX7vjVVG0kc13fIWeqUViNPyEJxv/OmvnBo0Yme4=
github.com/coreos/go-systemd/v22 v22.3.3-0.20220203105225-a9a7ef127534/go.mod h1:Y58oyj3AT4RCenI/lSvhwexgC+NSVTIJ3seZv2GcEnc=
github.com/cpuguy83/go-md2man/v2 v2.0.2/go.mod h1:tgQtvFlXSQOSOSIRvRPT7W67SCa46tRHOmNcaadrF8o=
github.com/davecgh/go-spew v1.1.0/go.mod h1:J7Y8YcW2NihsgmVo/mv3lAwl/skON4iLHjSsI+c5H38=
github.com/davecgh/go-spew v1.1.1 h1:vj9j/u1bqnvCEfJOwUhtlOARqs3+rkHYY13jYWTU97c=
github.com/davecgh/go-spew v1.1.1/go.mod h1:J7Y8YcW2NihsgmVo/mv3lAwl/skON4iLHjSsI+c5H38=
github.com/ettle/strcase v0.1.1 h1:htFueZyVeE1XNnMEfbqp5r67qAN/4r6ya1ysq8Q+Zcw=
github.com/ettle/strcase v0.1.1/go.mod h1:hzDLsPC7/lwKyBOywSHEP89nt2pDgdy+No1NBA9o9VY=
github.com/frankban/quicktest v1.14.3 h1:FJKSZTDHjyhriyC81FLQ0LY93eSai0ZyR/ZIkd3ZUKE=
github.com/getsentry/sentry-go v0.14.0 h1:rlOBkuFZRKKdUnKO+0U3JclRDQKlRu5vVQtkWSQvC70=
github.com/getsentry/sentry-go v0.14.0/go.mod h1:RZPJKSw+adu8PBNygiri/A98FqVr2HtRckJk9XVxJ9I=
github.com/ghodss/yaml v1.0.0 h1:wQHKEahhL6wmXdzwWG11gIVCkOv05bNOh+Rxn0yngAk=
github.com/ghodss/yaml v1.0.0/go.mod h1:4dBDuWmgqj2HViK6kFavaiC9ZROes6MMH2rRYeMEF04=
github.com/go-errors/errors v1.4.2 h1:J6MZopCL4uSllY1OfXM374weqZFFItUbrImctkmUxIA=
github.com/gocarina/gocsv v0.0.0-20220927221512-ad3251f9fa25 h1:wxgEEZvsnOTrDO2npSSKUMDx5IykfoGmro+/Vjc1BQ8=
github.com/gocarina/gocsv v0.0.0-20220927221512-ad3251f9fa25/go.mod h1:5YoVOkjYAQumqlV356Hj3xeYh4BdZuLE0/nRkf2NKkI=
github.com/godbus/dbus/v5 v5.0.4/go.mod h1:xhWf0FNVPg57R7Z0UbKHbJfkEywrmjJnf7w5xrFpKfA=
github.com/gofrs/uuid v4.3.0+incompatible h1:CaSVZxm5B+7o45rtab4jC2G37WGYX1zQfuU2i6DSvnc=
github.com/gofrs/uuid v4.3.0+incompatible/go.mod h1:b2aQJv3Z4Fp6yNu3cdSllBxTCLRxnplIgP/c0N/04lM=
github.com/gogo/protobuf v1.2.1/go.mod h1:hp+jE20tsWTFYpLwKvXlhS1hjn+gTNwPg2I6zVXpSg4=
github.com/gogo/protobuf v1.3.2 h1:Ov1cvc58UF3b5XjBnZv7+opcTcQFZebYjWzi34vdm4Q=
github.com/golang/glog v0.0.0-20160126235308-23def4e6c14b/go.mod h1:SBH7ygxi8pfUlaOkMMuAQtPIUF8ecWP5IEl/CR7VP2Q=
github.com/golang/mock v1.1.1/go.mod h1:oTYuIxOrZwtPieC+H1uAHpcLFnEyAGVDL/k47Jfbm0A=
github.com/golang/mock v1.6.0 h1:ErTB+efbowRARo13NNdxyJji2egdxLGQhRaY+DUumQc=
github.com/golang/mock v1.6.0/go.mod h1:p6yTPP+5HYm5mzsMV8JkE6ZKdX+/wYM6Hr+LicevLPs=
github.com/golang/protobuf v1.2.0/go.mod h1:6lQm79b+lXiMfvg/cZm0SGofjICqVBUtrP5yJMmIC1U=
github.com/golang/protobuf v1.3.2/go.mod h1:6lQm79b+lXiMfvg/cZm0SGofjICqVBUtrP5yJMmIC1U=
github.com/golang/protobuf v1.5.0/go.mod h1:FsONVRAS9T7sI+LIUmWTfcYkHO4aIWwzhcaSAoJOfIk=
github.com/golang/protobuf v1.5.2 h1:ROPKBNFfQgOUMifHyP+KYbvpjbdoFNs+aK7DXlji0Tw=
github.com/golang/protobuf v1.5.2/go.mod h1:XVQd3VNwM+JqD3oG2Ue2ip4fOMUkwXdXDdiuN0vRsmY=
github.com/google/go-cmp v0.5.5/go.mod h1:v8dTdLbMG2kIc/vJvl+f65V22dbkXbowE6jgT/gNBxE=
github.com/google/go-cmp v0.5.8/go.mod h1:17dUlkBOakJ0+DkrSSNjCkIjxS6bF9zb3elmeNGIjoY=
github.com/google/go-cmp v0.5.9 h1:O2Tfq5qg4qc4AmwVlvv0oLiVAGB7enBSJ2x2DqQFi38=
github.com/google/go-cmp v0.5.9/go.mod h1:17dUlkBOakJ0+DkrSSNjCkIjxS6bF9zb3elmeNGIjoY=
github.com/google/uuid v1.3.0 h1:t6JiXgmwXMjEs8VusXIJk2BXHsn+wx8BZdTaoZ5fu7I=
github.com/google/uuid v1.3.0/go.mod h1:TIyPZe4MgqvfeYDBFedMoGGpEw/LqOeaOT+nhxU+yHo=
github.com/grpc-ecosystem/go-grpc-middleware/providers/zerolog/v2 v2.0.0-rc.2 h1:uxUHSMwWDJ/9jVPHNumRC8WZOi3hrBL22ObVOoLg4ww=
github.com/grpc-ecosystem/go-grpc-middleware/providers/zerolog/v2 v2.0.0-rc.2/go.mod h1:BL7w7qd2l/j9jgY6WMhYutfOFQc0I8RTVwtjpnAMoTM=
github.com/grpc-ecosystem/go-grpc-middleware/v2 v2.0.0-20200501113911-9a95f0fdbfea/go.mod h1:GugMBs30ZSAkckqXEAIEGyYdDH6EgqowG8ppA3Zt+AY=
github.com/grpc-ecosystem/go-grpc-middleware/v2 v2.0.0-rc.2 h1:1aeRCnE2CkKYqyzBu0+B2lgTcZPc3ea2lGpijeHbI1c=
github.com/grpc-ecosystem/go-grpc-middleware/v2 v2.0.0-rc.2/go.mod h1:GhphxcdlaRyAuBSvo6rV71BvQcvB/vuX8ugCyybuS2k=
github.com/iancoleman/strcase v0.2.0 h1:05I4QRnGpI0m37iZQRuskXh+w77mr6Z41lwQzuHLwW0=
github.com/iancoleman/strcase v0.2.0/go.mod h1:iwCmte+B7n89clKwxIoIXy/HfoL7AsD47ZCWhYzw7ho=
github.com/inconshreveable/mousetrap v1.0.0/go.mod h1:PxqpIevigyE2G7u3NXJIT2ANytuPF1OarO4DADm73n8=
github.com/inconshreveable/mousetrap v1.0.1 h1:U3uMjPSQEBMNp1lFxmllqCPM6P5u/Xq7Pgzkat/bFNc=
github.com/inconshreveable/mousetrap v1.0.1/go.mod h1:vpF70FUmC8bwa3OWnCshd2FqLfsEA9PFc4w1p2J65bw=
github.com/jmespath/go-jmespath v0.4.0 h1:BEgLn5cpjn8UN1mAw4NjwDrS35OdebyEtFe+9YPoQUg=
github.com/jmespath/go-jmespath v0.4.0/go.mod h1:T8mJZnbsbmF+m6zOOFylbeCJqk5+pHWvzYPziyZiYoo=
github.com/jmespath/go-jmespath/internal/testify v1.5.1 h1:shLQSRRSCCPj3f2gpwzGwWFoC7ycTf1rcQZHOlsJ6N8=
github.com/jmespath/go-jmespath/internal/testify v1.5.1/go.mod h1:L3OGu8Wl2/fWfCI6z80xFu9LTZmf1ZRjMHUOPmWr69U=
github.com/kisielk/errcheck v1.1.0/go.mod h1:EZBBE59ingxPouuu3KfxchcWSUPOHkagtvWXihfKN4Q=
github.com/kisielk/gotool v1.0.0/go.mod h1:XhKaO+MFFWcvkIS/tQcRk01m1F5IRFswLeQ+oQHNcck=
github.com/kr/pretty v0.3.0 h1:WgNl7dwNpEZ6jJ9k1snq4pZsg7DOEN8hP9Xw0Tsjwk0=
github.com/kr/text v0.2.0 h1:5Nx0Ya0ZqY2ygV366QzturHI13Jq95ApcVaJBhpS+AY=
github.com/mattn/go-colorable v0.1.12/go.mod h1:u5H1YNBxpqRaxsYJYSkiCWKzEfiAb1Gb520KVy5xxl4=
github.com/mattn/go-colorable v0.1.13 h1:fFA4WZxdEF4tXPZVKMLwD8oUnCTTo08duU7wxecdEvA=
github.com/mattn/go-colorable v0.1.13/go.mod h1:7S9/ev0klgBDR4GtXTXX8a3vIGJpMovkB8vQcUbaXHg=
github.com/mattn/go-isatty v0.0.14/go.mod h1:7GGIvUiUoEMVVmxf/4nioHXj79iQHKdU27kJ6hsGG94=
github.com/mattn/go-isatty v0.0.16 h1:bq3VjFmv/sOjHtdEhmkEV4x1AJtvUvOJ2PFAZ5+peKQ=
github.com/mattn/go-isatty v0.0.16/go.mod h1:kYGgaQfpe5nmfYZH+SKPsOc2e4SrIfOl2e/yFXSvRLM=
github.com/mattn/go-runewidth v0.0.14 h1:+xnbZSEeDbOIg5/mE6JF0w6n9duR1l3/WmbinWVwUuU=
github.com/mitchellh/colorstring v0.0.0-20190213212951-d06e56a500db h1:62I3jR2EmQ4l5rM/4FEfDWcRD+abF5XlKShorW5LRoQ=
github.com/mitchellh/mapstructure v1.5.0 h1:jeMsZIYE/09sWLaz43PL7Gy6RuMjD2eJVyuac5Z2hdY=
github.com/mitchellh/mapstructure v1.5.0/go.mod h1:bFUtVrKA4DC2yAKiSyO/QUcy7e+RRV2QTWOzhPopBRo=
github.com/modern-go/reflect2 v1.0.2 h1:xBagoLtFs94CBntxluKeaWgTMpvLxC4ur3nMaC9Gz0M=
github.com/modern-go/reflect2 v1.0.2/go.mod h1:yWuevngMOJpCy52FWWMvUC8ws7m/LJsjYzDa0/r8luk=
github.com/opentracing/opentracing-go v1.1.0/go.mod h1:UkNAQd3GIcIGf0SeVgPpRdFStlNbqXla1AfSYxPUl2o=
github.com/pingcap/errors v0.11.4 h1:lFuQV/oaUMGcD2tqt+01ROSmJs75VG1ToEOkZIZ4nE4=
github.com/pkg/errors v0.8.1/go.mod h1:bwawxfHBFNV+L2hUp1rHADufV3IMtnDRdf1r5NINEl0=
github.com/pkg/errors v0.9.1 h1:FEBLx1zS214owpjy7qsBeixbURkuhQAwrK5UwLGTwt4=
github.com/pkg/errors v0.9.1/go.mod h1:bwawxfHBFNV+L2hUp1rHADufV3IMtnDRdf1r5NINEl0=
github.com/pmezard/go-difflib v1.0.0 h1:4DBwDE0NGyQoBHbLQYPwSUPoCMWR5BEzIk/f1lZbAQM=
github.com/pmezard/go-difflib v1.0.0/go.mod h1:iKH77koFhYxTK1pcRnkKkqfTogsbg7gZNVY4sRDYZ/4=
github.com/rivo/uniseg v0.4.2 h1:YwD0ulJSJytLpiaWua0sBDusfsCZohxjxzVTYjwxfV8=
github.com/rogpeppe/go-internal v1.6.1 h1:/FiVV8dS/e+YqF2JvO3yXRFbBLTIuSDkuC7aBOAvL+k=
github.com/rs/xid v1.2.1/go.mod h1:+uKXf+4Djp6Md1KODXJxgGQPKngRmWyn10oCKFzNHOQ=
github.com/rs/xid v1.4.0/go.mod h1:trrq9SKmegXys3aeAKXMUTdJsYXVwGY3RLcfgqegfbg=
github.com/rs/zerolog v1.19.0/go.mod h1:IzD0RJ65iWH0w97OQQebJEvTZYvsCUm9WVLWBQrJRjo=
github.com/rs/zerolog v1.28.0 h1:MirSo27VyNi7RJYP3078AA1+Cyzd2GB66qy3aUHvsWY=
github.com/rs/zerolog v1.28.0/go.mod h1:NILgTygv/Uej1ra5XxGf82ZFSLk58MFGAUS2o6usyD0=
github.com/russross/blackfriday/v2 v2.1.0/go.mod h1:+Rmxgy9KzJVeS9/2gXHxylqXiyQDYRxCVz55jmeOWTM=
github.com/schollz/progressbar/v3 v3.11.0 h1:3nIBUF1Zw/pGUaRHP7PZWmARP7ZQbWQ6vL6hwoQiIvU=
github.com/spf13/cast v1.5.0 h1:rj3WzYc11XZaIZMPKmwP96zkFEnnAmV8s6XbB2aY32w=
github.com/spf13/cast v1.5.0/go.mod h1:SpXXQ5YoyJw6s3/6cMTQuxvgRl3PCJiyaX9p6b155UU=
github.com/spf13/cobra v1.5.0 h1:X+jTBEBqF0bHN+9cSMgmfuvv2VHJ9ezmFNf9Y/XstYU=
github.com/spf13/cobra v1.5.0/go.mod h1:dWXEIy2H428czQCjInthrTRUg7yKbok+2Qi/yBIJoUM=
github.com/spf13/pflag v1.0.5 h1:iy+VFUOCP1a+8yFto/drg2CJ5u0yRoB7fZw3DKv/JXA=
github.com/spf13/pflag v1.0.5/go.mod h1:McXfInJRrz4CZXVZOBLb0bTZqETkiAhM9Iw0y3An2Bg=
github.com/stretchr/objx v0.1.0/go.mod h1:HFkY916IF+rwdDfMAkV7OtwuqBVzrE8GR6GFx+wExME=
github.com/stretchr/objx v0.4.0/go.mod h1:YvHI0jy2hoMjB+UWwv71VJQ9isScKT/TqJzVSSt89Yw=
github.com/stretchr/testify v1.3.0/go.mod h1:M5WIy9Dh21IEIfnGCwXGc5bZfKNJtfHm1UVUgZn+9EI=
github.com/stretchr/testify v1.4.0/go.mod h1:j7eGeouHqKxXV5pUuKE4zz7dFj8WfuZ+81PSLYec5m4=
github.com/stretchr/testify v1.5.1/go.mod h1:5W2xD1RspED5o8YsWQXVCued0rvSQ+mT+I5cxcmMvtA=
github.com/stretchr/testify v1.7.1/go.mod h1:6Fq8oRcR53rry900zMqJjRRixrwX3KX962/h/Wwjteg=
github.com/stretchr/testify v1.8.0 h1:pSgiaMZlXftHpm5L7V1+rVB+AZJydKsMxsQBIJw4PKk=
github.com/stretchr/testify v1.8.0/go.mod h1:yNjHg4UonilssWZ8iaSj1OCr/vHnekPRkoO+kdMU+MU=
github.com/thoas/go-funk v0.9.2 h1:oKlNYv0AY5nyf9g+/GhMgS/UO2ces0QRdPKwkhY3VCk=
github.com/thoas/go-funk v0.9.2/go.mod h1:+IWnUfUmFO1+WVYQWQtIJHeRRdaIyyYglZN7xzUPe4Q=
github.com/xeipuuv/gojsonpointer v0.0.0-20180127040702-4e3ac2762d5f/go.mod h1:N2zxlSyiKSe5eX1tZViRH5QA0qijqEDrYZiPEAiq3wU=
github.com/xeipuuv/gojsonpointer v0.0.0-20190905194746-02993c407bfb h1:zGWFAtiMcyryUHoUjUJX0/lt1H2+i2Ka2n+D3DImSNo=
github.com/xeipuuv/gojsonpointer v0.0.0-20190905194746-02993c407bfb/go.mod h1:N2zxlSyiKSe5eX1tZViRH5QA0qijqEDrYZiPEAiq3wU=
github.com/xeipuuv/gojsonreference v0.0.0-20180127040603-bd5ef7bd5415 h1:EzJWgHovont7NscjpAxXsDA8S8BMYve8Y5+7cuRE7R0=
github.com/xeipuuv/gojsonreference v0.0.0-20180127040603-bd5ef7bd5415/go.mod h1:GwrjFmJcFw6At/Gs6z4yjiIwzuJ1/+UwLxMQDVQXShQ=
github.com/xeipuuv/gojsonschema v1.2.0 h1:LhYJRs+L4fBtjZUfuSZIKGeVu0QRy8e5Xi7D17UxZ74=
github.com/xeipuuv/gojsonschema v1.2.0/go.mod h1:anYRn/JVcOK2ZgGU+IjEV4nwlhoK5sQluxsYJ78Id3Y=
github.com/yuin/goldmark v1.3.5/go.mod h1:mwnBkeHKe2W/ZEtQ+71ViKU8L12m81fl3OWwC1Zlc8k=
golang.org/x/crypto v0.0.0-20190308221718-c2843e01d9a2/go.mod h1:djNgcEr1/C05ACkg1iLfiJU5Ep61QUkGW8qpdssI0+w=
golang.org/x/crypto v0.0.0-20191011191535-87dc89f01550/go.mod h1:yigFU9vqHzYiE8UmvKecakEJjdnWj3jj499lnFckfCI=
golang.org/x/exp v0.0.0-20190121172915-509febef88a4/go.mod h1:CJ0aWSM057203Lf6IL+f9T1iT9GByDxfZKAQTCR3kQA=
golang.org/x/exp v0.0.0-20221012211006-4de253d81b95 h1:sBdrWpxhGDdTAYNqbgBLAR+ULAPPhfgncLr1X0lyWtg=
golang.org/x/exp v0.0.0-20221012211006-4de253d81b95/go.mod h1:cyybsKvd6eL0RnXn6p/Grxp8F5bW7iYuBgsNCOHpMYE=
golang.org/x/lint v0.0.0-20181026193005-c67002cb31c3/go.mod h1:UVdnD1Gm6xHRNCYTkRU2/jEulfH38KcIWyp/GAMgvoE=
golang.org/x/lint v0.0.0-20190227174305-5b3e6a55c961/go.mod h1:wehouNa3lNwaWXcvxsM5YxQ5yQlVC4a0KAMCusXpPoU=
golang.org/x/mod v0.4.2/go.mod h1:s0Qsj1ACt9ePp/hMypM3fl4fZqREWJwdYDEqhRiZZUA=
golang.org/x/mod v0.6.0-dev.0.20220419223038-86c51ed26bb4 h1:6zppjxzCulZykYSLyVDYbneBfbaBIQPYMevg0bEwv2s=
golang.org/x/mod v0.6.0-dev.0.20220419223038-86c51ed26bb4/go.mod h1:jJ57K6gSWd91VN4djpZkiMVwK6gcyfeH4XE8wZrZaV4=
golang.org/x/net v0.0.0-20180724234803-3673e40ba225/go.mod h1:mL1N/T3taQHkDXs73rZJwtUhF3w3ftmwwsq0BUmARs4=
golang.org/x/net v0.0.0-20180826012351-8a410e7b638d/go.mod h1:mL1N/T3taQHkDXs73rZJwtUhF3w3ftmwwsq0BUmARs4=
golang.org/x/net v0.0.0-20190213061140-3a22650c66bd/go.mod h1:mL1N/T3taQHkDXs73rZJwtUhF3w3ftmwwsq0BUmARs4=
golang.org/x/net v0.0.0-20190404232315-eb5bcb51f2a3/go.mod h1:t9HGtf8HONx5eT2rtn7q6eTqICYqUVnKs3thJo3Qplg=
golang.org/x/net v0.0.0-20190620200207-3b0461eec859/go.mod h1:z5CRVTTTmAJ677TzLLGU+0bjPO0LkuOLi4/5GtJWs/s=
golang.org/x/net v0.0.0-20210405180319-a5a99cb37ef4/go.mod h1:p54w0d4576C0XHj96bSt6lcn1PtDYWL6XObtHCRCNQM=
golang.org/x/net v0.0.0-20221004154528-8021a29435af h1:wv66FM3rLZGPdxpYL+ApnDe2HzHcTFta3z5nsc13wI4=
golang.org/x/net v0.0.0-20221004154528-8021a29435af/go.mod h1:YDH+HFinaLZZlnHAfSS6ZXJJ9M9t4Dl22yv3iI2vPwk=
golang.org/x/oauth2 v0.0.0-20180821212333-d2e6202438be/go.mod h1:N/0e6XlmueqKjAGxoOufVs8QHGRruUQn6yWY3a++T0U=
golang.org/x/sync v0.0.0-20180314180146-1d60e4601c6f/go.mod h1:RxMgew5VJxzue5/jJTE5uejpjVlOe/izrB70Jof72aM=
golang.org/x/sync v0.0.0-20181108010431-42b317875d0f/go.mod h1:RxMgew5VJxzue5/jJTE5uejpjVlOe/izrB70Jof72aM=
golang.org/x/sync v0.0.0-20190423024810-112230192c58/go.mod h1:RxMgew5VJxzue5/jJTE5uejpjVlOe/izrB70Jof72aM=
golang.org/x/sync v0.0.0-20210220032951-036812b2e83c/go.mod h1:RxMgew5VJxzue5/jJTE5uejpjVlOe/izrB70Jof72aM=
golang.org/x/sync v0.1.0 h1:wsuoTGHzEhffawBOhz5CYhcrV4IdKZbEyZjBMuTp12o=
golang.org/x/sync v0.1.0/go.mod h1:RxMgew5VJxzue5/jJTE5uejpjVlOe/izrB70Jof72aM=
golang.org/x/sys v0.0.0-20180830151530-49385e6e1522/go.mod h1:STP8DvDyc/dI5b8T5hshtkjS+E42TnysNCUPdjciGhY=
golang.org/x/sys v0.0.0-20190215142949-d0b11bdaac8a/go.mod h1:STP8DvDyc/dI5b8T5hshtkjS+E42TnysNCUPdjciGhY=
golang.org/x/sys v0.0.0-20190412213103-97732733099d/go.mod h1:h1NjWce9XRLGQEsW7wpKNCjG9DtNlClVuFLEZdDNbEs=
golang.org/x/sys v0.0.0-20201119102817-f84b799fce68/go.mod h1:h1NjWce9XRLGQEsW7wpKNCjG9DtNlClVuFLEZdDNbEs=
golang.org/x/sys v0.0.0-20210330210617-4fbd30eecc44/go.mod h1:h1NjWce9XRLGQEsW7wpKNCjG9DtNlClVuFLEZdDNbEs=
golang.org/x/sys v0.0.0-20210510120138-977fb7262007/go.mod h1:oPkhp1MJrh7nUepCBck5+mAzfO9JrbApNNgaTdGDITg=
golang.org/x/sys v0.0.0-20210630005230-0f9fa26af87c/go.mod h1:oPkhp1MJrh7nUepCBck5+mAzfO9JrbApNNgaTdGDITg=
golang.org/x/sys v0.0.0-20210927094055-39ccf1dd6fa6/go.mod h1:oPkhp1MJrh7nUepCBck5+mAzfO9JrbApNNgaTdGDITg=
golang.org/x/sys v0.0.0-20220811171246-fbc7d0a398ab/go.mod h1:oPkhp1MJrh7nUepCBck5+mAzfO9JrbApNNgaTdGDITg=
golang.org/x/sys v0.1.0 h1:kunALQeHf1/185U1i0GOB/fy1IPRDDpuoOOqRReG57U=
golang.org/x/sys v0.1.0/go.mod h1:oPkhp1MJrh7nUepCBck5+mAzfO9JrbApNNgaTdGDITg=
golang.org/x/term v0.0.0-20201126162022-7de9c90e9dd1/go.mod h1:bj7SfCRtBDWHUb9snDiAeCFNEtKQo2Wmx5Cou7ajbmo=
golang.org/x/term v0.0.0-20220919170432-7a66f970e087 h1:tPwmk4vmvVCMdr98VgL4JH+qZxPL8fqlUOHnyOM8N3w=
golang.org/x/text v0.3.0/go.mod h1:NqM8EUOU14njkJ3fqMW+pc6Ldnwhi/IjpwHt7yyuwOQ=
golang.org/x/text v0.3.3/go.mod h1:5Zoc/QRtKVWzQhOtBMvqHzDpF6irO9z98xDceosuGiQ=
golang.org/x/text v0.4.0 h1:BrVqGRd7+k1DiOgtnFvAkoQEWQvBc25ouMJM6429SFg=
golang.org/x/text v0.4.0/go.mod h1:mrYo+phRRbMaCq/xk9113O4dZlRixOauAjOtrjsXDZ8=
golang.org/x/tools v0.0.0-20180221164845-07fd8470d635/go.mod h1:n7NCudcB/nEzxVGmLbDWY5pfWTLqBcC2KZ6jyYvM4mQ=
golang.org/x/tools v0.0.0-20180917221912-90fa682c2a6e/go.mod h1:n7NCudcB/nEzxVGmLbDWY5pfWTLqBcC2KZ6jyYvM4mQ=
golang.org/x/tools v0.0.0-20190114222345-bf090417da8b/go.mod h1:n7NCudcB/nEzxVGmLbDWY5pfWTLqBcC2KZ6jyYvM4mQ=
golang.org/x/tools v0.0.0-20190226205152-f727befe758c/go.mod h1:9Yl7xja0Znq3iFh3HoIrodX9oNMXvdceNzlUR8zjMvY=
golang.org/x/tools v0.0.0-20190828213141-aed303cbaa74/go.mod h1:b+2E5dAYhXwXZwtnZ6UAqBI28+e2cm9otk0dWdXHAEo=
golang.org/x/tools v0.0.0-20191119224855-298f0cb1881e/go.mod h1:b+2E5dAYhXwXZwtnZ6UAqBI28+e2cm9otk0dWdXHAEo=
golang.org/x/tools v0.1.1/go.mod h1:o0xws9oXOQQZyjljx8fwUC0k7L1pTE6eaCbjGeHmOkk=
golang.org/x/tools v0.1.12 h1:VveCTK38A2rkS8ZqFY25HIDFscX5X9OoEhJd3quQmXU=
golang.org/x/tools v0.1.12/go.mod h1:hNGJHUnrk76NpqgfD5Aqm5Crs+Hm0VOH/i9J2+nxYbc=
golang.org/x/xerrors v0.0.0-20190717185122-a985d3407aa7/go.mod h1:I/5z698sn9Ka8TeJc9MKroUUfqBBauWjQqLJ2OPfmY0=
golang.org/x/xerrors v0.0.0-20191011141410-1b5146add898/go.mod h1:I/5z698sn9Ka8TeJc9MKroUUfqBBauWjQqLJ2OPfmY0=
golang.org/x/xerrors v0.0.0-20191204190536-9bdfabe68543/go.mod h1:I/5z698sn9Ka8TeJc9MKroUUfqBBauWjQqLJ2OPfmY0=
golang.org/x/xerrors v0.0.0-20200804184101-5ec99f83aff1/go.mod h1:I/5z698sn9Ka8TeJc9MKroUUfqBBauWjQqLJ2OPfmY0=
google.golang.org/appengine v1.1.0/go.mod h1:EbEs0AVv82hx2wNQdGPgUI5lhzA/G0D9YwlJXL52JkM=
google.golang.org/appengine v1.4.0/go.mod h1:xpcJRLb0r/rnEns0DIKYYv+WjYCduHsrkT7/EB5XEv4=
google.golang.org/genproto v0.0.0-20180817151627-c66870c02cf8/go.mod h1:JiN7NxoALGmiZfu7CAH4rXhgtRTLTxftemlI0sWmxmc=
google.golang.org/genproto v0.0.0-20190819201941-24fa4b261c55/go.mod h1:DMBHOl98Agz4BDEuKkezgsaosCRResVns1a3J2ZsMNc=
google.golang.org/genproto v0.0.0-20220930163606-c98284e70a91 h1:Ezh2cpcnP5Rq60sLensUsFnxh7P6513NLvNtCm9iyJ4=
google.golang.org/genproto v0.0.0-20220930163606-c98284e70a91/go.mod h1:3526vdqwhZAwq4wsRUaVG555sVgsNmIjRtO7t/JH29U=
google.golang.org/grpc v1.19.0/go.mod h1:mqu4LbDTu4XGKhr4mRzUsmM4RtVoemTSY81AxZiDr8c=
google.golang.org/grpc v1.49.0 h1:WTLtQzmQori5FUH25Pq4WT22oCsv8USpQ+F6rqtsmxw=
google.golang.org/grpc v1.49.0/go.mod h1:ZgQEeidpAuNRZ8iRrlBKXZQP1ghovWIVhdJRyCDK+GI=
google.golang.org/protobuf v1.26.0-rc.1/go.mod h1:jlhhOSvTdKEhbULTjvd4ARK9grFBp09yW+WbY/TyQbw=
google.golang.org/protobuf v1.26.0/go.mod h1:9q0QmTI4eRPtz6boOQmLYwt+qCgq0jsYwAQnmE0givc=
google.golang.org/protobuf v1.28.1 h1:d0NfwRgPtno5B1Wa6L2DAG+KivqkdutMf1UhdNx175w=
google.golang.org/protobuf v1.28.1/go.mod h1:HV8QOd/L58Z+nl8r43ehVNZIU/HEI6OcFqwMG9pJV4I=
gopkg.in/check.v1 v0.0.0-20161208181325-20d25e280405/go.mod h1:Co6ibVJAznAaIkqp8huTwlJQCZ016jof/cbN4VW5Yz0=
gopkg.in/check.v1 v1.0.0-20201130134442-10cb98267c6c h1:Hei/4ADfdWqJk1ZMxUNpqntNwaWcugrBjAiHlqqRiVk=
gopkg.in/yaml.v2 v2.2.2/go.mod h1:hI93XBmqTisBFMUTm0b8Fm+jr3Dg1NNxqwp+5A1VGuI=
gopkg.in/yaml.v2 v2.2.8/go.mod h1:hI93XBmqTisBFMUTm0b8Fm+jr3Dg1NNxqwp+5A1VGuI=
gopkg.in/yaml.v2 v2.4.0 h1:D8xgwECY7CYvx+Y2n4sBz93Jn9JRvxdiyyo8CTfuKaY=
gopkg.in/yaml.v2 v2.4.0/go.mod h1:RDklbk79AGWmwhnvt/jBztapEOGDOx6ZbXqjP6csGnQ=
gopkg.in/yaml.v3 v3.0.0-20200313102051-9f266ea9e77c/go.mod h1:K4uyk7z7BCEPqu6E+C64Yfv1cQ7kz7rIZviUmN+EgEM=
gopkg.in/yaml.v3 v3.0.1 h1:fxVm/GzAzEWqLHuvctI91KS9hhNmmWOoWu0XTYJS7CA=
gopkg.in/yaml.v3 v3.0.1/go.mod h1:K4uyk7z7BCEPqu6E+C64Yfv1cQ7kz7rIZviUmN+EgEM=
honnef.co/go/tools v0.0.0-20190102054323-c2f93a96b099/go.mod h1:rf3lG4BRIbNafJWhAfAdb/ePZxsR/4RtNHQocxwk9r4=
