cloud.google.com/go v0.26.0/go.mod h1:aQUYkXzVsufM+DwF1aE+0xfcU+56JwCaLick0ClmMTw=
github.com/BurntSushi/toml v0.3.1/go.mod h1:xHWCNGjB5oqiDr8zfno3MHue2Ht5sIBksp03qcyfWMU=
github.com/aws/aws-sdk-go-v2 v1.17.1 h1:02c72fDJr87N8RAC2s3Qu0YuvMRZKNZJ9F+lAehCazk=
github.com/aws/aws-sdk-go-v2 v1.17.1/go.mod h1:JLnGeGONAyi2lWXI1p0PCIOIy333JMVK1U7Hf0aRFLw=
github.com/aws/aws-sdk-go-v2/aws/protocol/eventstream v1.4.9 h1:RKci2D7tMwpvGpDNZnGQw9wk6v7o/xSwFcUAuNPoB8k=
github.com/aws/aws-sdk-go-v2/aws/protocol/eventstream v1.4.9/go.mod h1:vCmV1q1VK8eoQJ5+aYE7PkK1K6v41qJ5pJdK3ggCDvg=
github.com/aws/aws-sdk-go-v2/config v1.17.10 h1:zBy5QQ/mkvHElM1rygHPAzuH+sl8nsdSaxSWj0+rpdE=
github.com/aws/aws-sdk-go-v2/config v1.17.10/go.mod h1:/4np+UiJJKpWHN7Q+LZvqXYgyjgeXm5+lLfDI6TPZao=
github.com/aws/aws-sdk-go-v2/credentials v1.12.23 h1:LctvcJMIb8pxvk5hQhChpCu0WlU6oKQmcYb1HA4IZSA=
github.com/aws/aws-sdk-go-v2/credentials v1.12.23/go.mod h1:0awX9iRr/+UO7OwRQFpV1hNtXxOVuehpjVEzrIAYNcA=
github.com/aws/aws-sdk-go-v2/feature/ec2/imds v1.12.19 h1:E3PXZSI3F2bzyj6XxUXdTIfvp425HHhwKsFvmzBwHgs=
github.com/aws/aws-sdk-go-v2/feature/ec2/imds v1.12.19/go.mod h1:VihW95zQpeKQWVPGkwT+2+WJNQV8UXFfMTWdU6VErL8=
github.com/aws/aws-sdk-go-v2/feature/s3/manager v1.11.37 h1:e1VtTBo+cLNjres0wTlMkmwCGGRjDEkkrz3frxxcaCs=
github.com/aws/aws-sdk-go-v2/feature/s3/manager v1.11.37/go.mod h1:kdAV1UMnCkyG6tZJUC4mHbPoRjPA3dIK0L8mnsHERiM=
github.com/aws/aws-sdk-go-v2/internal/configsources v1.1.25 h1:nBO/RFxeq/IS5G9Of+ZrgucRciie2qpLy++3UGZ+q2E=
github.com/aws/aws-sdk-go-v2/internal/configsources v1.1.25/go.mod h1:Zb29PYkf42vVYQY6pvSyJCJcFHlPIiY+YKdPtwnvMkY=
github.com/aws/aws-sdk-go-v2/internal/endpoints/v2 v2.4.19 h1:oRHDrwCTVT8ZXi4sr9Ld+EXk7N/KGssOr2ygNeojEhw=
github.com/aws/aws-sdk-go-v2/internal/endpoints/v2 v2.4.19/go.mod h1:6Q0546uHDp421okhmmGfbxzq2hBqbXFNpi4k+Q1JnQA=
github.com/aws/aws-sdk-go-v2/internal/ini v1.3.26 h1:Mza+vlnZr+fPKFKRq/lKGVvM6B/8ZZmNdEopOwSQLms=
github.com/aws/aws-sdk-go-v2/internal/ini v1.3.26/go.mod h1:Y2OJ+P+MC1u1VKnavT+PshiEuGPyh/7DqxoDNij4/bg=
github.com/aws/aws-sdk-go-v2/internal/v4a v1.0.16 h1:2EXB7dtGwRYIN3XQ9qwIW504DVbKIw3r89xQnonGdsQ=
github.com/aws/aws-sdk-go-v2/internal/v4a v1.0.16/go.mod h1:XH+3h395e3WVdd6T2Z3mPxuI+x/HVtdqVOREkTiyubs=
github.com/aws/aws-sdk-go-v2/service/accessanalyzer v1.17.0 h1:D96JZWtCPwlWZb3xQwW9fDCCc/+OK7MAKSitA2vZoeQ=
github.com/aws/aws-sdk-go-v2/service/accessanalyzer v1.17.0/go.mod h1:O769hLd/n0YUcFAfCi4g3lnpSntWCKkIFXzgi7H493s=
github.com/aws/aws-sdk-go-v2/service/acm v1.15.2 h1:mVVton0wBx+DjcbqhwebiAe5IEIC4vPkXhcVKCWyVIc=
github.com/aws/aws-sdk-go-v2/service/acm v1.15.2/go.mod h1:LR3qi788mHzUYfv2MNs+xwbvig6QlrPYVOhKv/Ae5M0=
github.com/aws/aws-sdk-go-v2/service/apigateway v1.15.22 h1:1j2Ww+oWbVexc97e4SgyRoeUmHKWkrjat8w0qVUBRn8=
github.com/aws/aws-sdk-go-v2/service/apigateway v1.15.22/go.mod h1:3olVANhEv+CFhEvC/TTkqh+1kg+r0px3CbH5eRKx7J4=
github.com/aws/aws-sdk-go-v2/service/apigatewayv2 v1.12.20 h1:7N4o3yLag3c3c22POkmCAfrr/OQG5807a9NRh9lUUKw=
github.com/aws/aws-sdk-go-v2/service/apigatewayv2 v1.12.20/go.mod h1:BEIWaGqO27qq9JeFeY746S4+SFmBajpV+yhGne2qbMo=
github.com/aws/aws-sdk-go-v2/service/applicationautoscaling v1.15.20 h1:hVu6j4IipQfj4Y5ZIbvlZCUVkXs+lBMiabgl8gMTf0c=
github.com/aws/aws-sdk-go-v2/service/applicationautoscaling v1.15.20/go.mod h1:ieTfMV1ZKg8+MMuxrLW1c29C6X/6FyE5wepLd6ZcVAU=
github.com/aws/aws-sdk-go-v2/service/apprunner v1.15.0 h1:bX586RbPhYHIZKQ01cEUImiHU5y/7Ob5R9c5N6jhGuc=
github.com/aws/aws-sdk-go-v2/service/apprunner v1.15.0/go.mod h1:NgTcDA7LdWjNGGBhS09XMVuwr8MZSFy/4G+BwZASviE=
github.com/aws/aws-sdk-go-v2/service/appsync v1.15.12 h1:9U4aTJJsCHPjXvAf3Wjre1i0IuOAI8ENF7YrqsPDqzk=
github.com/aws/aws-sdk-go-v2/service/appsync v1.15.12/go.mod h1:2msMzklr25bWQhF9Npt2Ojkipy7WY0Q9i5a8NUg+x9Q=
github.com/aws/aws-sdk-go-v2/service/athena v1.18.12 h1:TkKwMmoJn0rYmQohsXA+YNDAHsHaFq9WNjtNm3qEH5k=
github.com/aws/aws-sdk-go-v2/service/athena v1.18.12/go.mod h1:e5HMOK5cxCNAl7x7qlXg018w98r7gGYeoV+8Hn74ZMI=
github.com/aws/aws-sdk-go-v2/service/autoscaling v1.23.18 h1:41EFhcsMHSF3tGQo8m82pNXF9VYhuYoH5eJmlakt8eA=
github.com/aws/aws-sdk-go-v2/service/autoscaling v1.23.18/go.mod h1:1ioJeG7kmYYuqmA8Wsh5AXwjPn9mRKL6F8OOwt/uyBQ=
github.com/aws/aws-sdk-go-v2/service/backup v1.17.11 h1:BrCYl+uKVNYBEHYSGBgK1mLFUkunZvsBduzNye+y+9w=
github.com/aws/aws-sdk-go-v2/service/backup v1.17.11/go.mod h1:W9rt/y8Vb/HDsJ9XW4s+fl0mLXecNbn32yQ81uv4OlA=
github.com/aws/aws-sdk-go-v2/service/cloudformation v1.23.0 h1:Y+CAg1iGb3Mz3/LVSDXw2yr93gDowLXG+DpFLTpqnpE=
github.com/aws/aws-sdk-go-v2/service/cloudformation v1.23.0/go.mod h1:AyrrIfauUrYfHqLrnroijTBBegQow3QIZTaLbQsauNk=
github.com/aws/aws-sdk-go-v2/service/cloudfront v1.20.7 h1:RoinUS4OHD/GFpXV2Jvu27xqDFLMx4ZFclo2WDw7D8Q=
github.com/aws/aws-sdk-go-v2/service/cloudfront v1.20.7/go.mod h1:fV9PzXIIT2xUvf5KXEGToDYxEXcqDyO33SRfv2rAs/8=
github.com/aws/aws-sdk-go-v2/service/cloudhsmv2 v1.13.21 h1:/lZkPTOtsMFJSeSTmAQpKKOX3EgUmv3W7OfgCW4fUJQ=
github.com/aws/aws-sdk-go-v2/service/cloudhsmv2 v1.13.21/go.mod h1:FeoLRLN2+/JHuRKIkMJhPeTFshsieU+M/2TXy6csuMk=
github.com/aws/aws-sdk-go-v2/service/cloudtrail v1.19.2 h1:O+K38eNyy0kHezOg5rbtbw8rEAu+Twa6wsrztgKeGL0=
github.com/aws/aws-sdk-go-v2/service/cloudtrail v1.19.2/go.mod h1:G3xZtg7cjsJaJdl1oVkscYXbdDLZBfOHbE1JqcnZxOI=
github.com/aws/aws-sdk-go-v2/service/cloudwatch v1.21.8 h1:59VsCBXFJwY2NfW0CMN6Ls0Z0WH03sllnj9mNePDqt0=
github.com/aws/aws-sdk-go-v2/service/cloudwatch v1.21.8/go.mod h1:b2EPXU2jyxD7StcbEemizK7A5wYYDKhdp6zpSUKUjJ0=
github.com/aws/aws-sdk-go-v2/service/cloudwatchlogs v1.16.0 h1:xOcB5Poga/bjOi+CJnNLP+FJvfxds430zYfQxSNnqTI=
github.com/aws/aws-sdk-go-v2/service/cloudwatchlogs v1.16.0/go.mod h1:9feOMWt3rxs46DqBVHco7z1KxRG36bKUqtv306cAtaA=
github.com/aws/aws-sdk-go-v2/service/codebuild v1.19.19 h1:zJfK4MT/AUswNYWrDUPE/hUmIJxB4wetdId/D72QOXQ=
github.com/aws/aws-sdk-go-v2/service/codebuild v1.19.19/go.mod h1:2uDPzP+kGGzUjC6W+goku6WYmLZSS1e4iIkx8kiqmFg=
github.com/aws/aws-sdk-go-v2/service/codepipeline v1.13.19 h1:Gf2b9ow4Qw9LYlUp5JaEsDtY7D83L4N19sNuPKR1e1E=
github.com/aws/aws-sdk-go-v2/service/codepipeline v1.13.19/go.mod h1:D1EL3fEHs8yvJqe0xBWHdtfxrT5he4F1u1UCQV/dvoU=
github.com/aws/aws-sdk-go-v2/service/cognitoidentity v1.14.3 h1:EN2pQgEC545YePoQD20P9+KOzBNcWxd5ugaDfjMJgj0=
github.com/aws/aws-sdk-go-v2/service/cognitoidentity v1.14.3/go.mod h1:3VYlC9NJvkEZTU3vBwptjxKEGf/u00cYXEm3aMr+tOM=
github.com/aws/aws-sdk-go-v2/service/cognitoidentityprovider v1.21.1 h1:lj4DpCeptmd3fV30KgVRKWmADiIqfCtsay4kSbAnSdc=
github.com/aws/aws-sdk-go-v2/service/cognitoidentityprovider v1.21.1/go.mod h1:2LQRr4SMTXDqUodAi6pIi0u7t1f0+kMOCRYjh3dAflw=
github.com/aws/aws-sdk-go-v2/service/configservice v1.27.2 h1:BKJUaJJQ3OyVBAD86sLWlncYxZpCKujnq9Mb2LdU/9c=
github.com/aws/aws-sdk-go-v2/service/configservice v1.27.2/go.mod h1:YRQyy4b5FEc0SCSKOlZU68rzv6xnIWfw5fFkxPr5sgc=
github.com/aws/aws-sdk-go-v2/service/databasemigrationservice v1.21.14 h1:KSFsGTdjLYxT94vMSDvn0FXVIFT1OSw7zzd0zW6YjhY=
github.com/aws/aws-sdk-go-v2/service/databasemigrationservice v1.21.14/go.mod h1:9vkqDk+MFmcWqby2e00fO9S0OOCbBFvryL8Cnui978w=
github.com/aws/aws-sdk-go-v2/service/dax v1.11.19 h1:oMqf+cUOpO0ovxHSL4fz11LPRXTgcosampySsUyuneM=
github.com/aws/aws-sdk-go-v2/service/dax v1.11.19/go.mod h1:J2KFwTpLM6JCqbox0q98hsZbj0oRNhDoKck44uAebyc=
github.com/aws/aws-sdk-go-v2/service/directconnect v1.17.20 h1:THU+xw2503mDco4eBbf6/TMHbhytUv85bZfAqnOphAo=
github.com/aws/aws-sdk-go-v2/service/directconnect v1.17.20/go.mod h1:/C+Az9NZjpan7x5ThHq9oKLERD2iIfCswGfbXcbup94=
github.com/aws/aws-sdk-go-v2/service/docdb v1.19.13 h1:KHBxF+VunX6gtFGjQDxcDcY1IDPV5lvnwVNQ2rYnk1I=
github.com/aws/aws-sdk-go-v2/service/docdb v1.19.13/go.mod h1:SJncjLW+0PykKd5bUp/QwIIpizudvSTBJPhm664lpGQ=
github.com/aws/aws-sdk-go-v2/service/dynamodb v1.17.3 h1:2oB4ikNEMLaPtu6lbNFJyTSayBILvrOfa2VfOffcuvU=
github.com/aws/aws-sdk-go-v2/service/dynamodb v1.17.3/go.mod h1:BiglbKCG56L8tmMnUEyEQo422BO9xnNR8vVHnOsByf8=
github.com/aws/aws-sdk-go-v2/service/ec2 v1.65.0 h1:LuklvKRN2P052bAzcyjoHGMI3fFehfBcj8C/uakPWa4=
github.com/aws/aws-sdk-go-v2/service/ec2 v1.65.0/go.mod h1:zul71QqzR4D1a90/5FloZiAnZ1CtuIjVH7R9MP997+A=
github.com/aws/aws-sdk-go-v2/service/ecr v1.17.20 h1:nJnXfQggNZdrWz/0cm2ZGyddGK+FqTiN4QJGanzKZoY=
github.com/aws/aws-sdk-go-v2/service/ecr v1.17.20/go.mod h1:kEVGiy2tACP0cegVqx4MrjsgQMSgrtgRq1fSa+Ix6F0=
github.com/aws/aws-sdk-go-v2/service/ecrpublic v1.13.19 h1:AwWP9a5n9a6kcgpTOfZ2/AeHKdq1Cb+HwgWQ1ADqiZM=
github.com/aws/aws-sdk-go-v2/service/ecrpublic v1.13.19/go.mod h1:j3mVo8gEwXjgzf9PfORBnYUUQnnjkd4OY6y5JmubV94=
github.com/aws/aws-sdk-go-v2/service/ecs v1.18.26 h1:EHJAYkUnlFJ/KwuFMvUs/bPbb0DaqAI+gTfXxffTPZ0=
github.com/aws/aws-sdk-go-v2/service/ecs v1.18.26/go.mod h1:NpR78BP2STxvF/R1GXLDM4gAEfjz68W/h0nC5b6Jk3s=
github.com/aws/aws-sdk-go-v2/service/efs v1.17.18 h1:hOMWGbtHoNfiZsJv7dyTZrooWZz20yVB7aOixSStf50=
github.com/aws/aws-sdk-go-v2/service/efs v1.17.18/go.mod h1:DdO6hLx0XiYuj2Tn8VsR8et3BW1aXiv74GfsjHvhN9U=
github.com/aws/aws-sdk-go-v2/service/eks v1.22.3 h1:0Xe/4sfe1HusK07nxpmo611Ing7zdW6HW69goYXRe/M=
github.com/aws/aws-sdk-go-v2/service/eks v1.22.3/go.mod h1:bxjOnpk0lwAq4jmmTONfUGPjgO8sLAbflxTHsY7thkU=
github.com/aws/aws-sdk-go-v2/service/elasticache v1.22.12 h1:bFLUfz4rgLK1793DYsd8iytnEcOzlOx1b2+nWWeVVFc=
github.com/aws/aws-sdk-go-v2/service/elasticache v1.22.12/go.mod h1:Ldcx5z/9/7v48B223e7KVQYmFIKeEIzw6SRCcxoC0bI=
github.com/aws/aws-sdk-go-v2/service/elasticbeanstalk v1.14.20 h1:U3pnbSZUU86zdlWpupm9Gi0wOCfw7yPPSPpyA2A66ps=
github.com/aws/aws-sdk-go-v2/service/elasticbeanstalk v1.14.20/go.mod h1:dIqAQAjouf8VxPciD7Fm7l4ihJqbGENoQ86fASvtrls=
github.com/aws/aws-sdk-go-v2/service/elasticloadbalancing v1.14.20 h1:+pjpsr6Wij4gSUeajiKjWLGOBCz5rDqrKBdsWFmK9tE=
github.com/aws/aws-sdk-go-v2/service/elasticloadbalancing v1.14.20/go.mod h1:gHgx63dm28U/o5NotzfFWhxUASzcZuPgO8GDpsI1Aqw=
github.com/aws/aws-sdk-go-v2/service/elasticloadbalancingv2 v1.18.22 h1:EbYXWwuQAoT2Wtc9LC+n0cQiSokCB8em/8T0dtPowos=
github.com/aws/aws-sdk-go-v2/service/elasticloadbalancingv2 v1.18.22/go.mod h1:uIsRP+M5F/Ch+21isqTg6u16FXl2yzupCX0Dli4eQEM=
github.com/aws/aws-sdk-go-v2/service/elasticsearchservice v1.16.12 h1:jQugOx7b1FnjZL4HzNMroh7ulj0oN5Pp8akS8UvRh1A=
github.com/aws/aws-sdk-go-v2/service/elasticsearchservice v1.16.12/go.mod h1:UY0dc/ngkmYkBegXTwQ3kILLtItU8UJuueHHD91vn88=
github.com/aws/aws-sdk-go-v2/service/emr v1.20.13 h1:dGhHFxLn2UEbwcWoym+iUhThZx+sNtg+5MdDtLy3Vfo=
github.com/aws/aws-sdk-go-v2/service/emr v1.20.13/go.mod h1:uz/j390yhhyjOoxOKyj1VcMh0XXxgwyUU/r/vcPuOzo=
github.com/aws/aws-sdk-go-v2/service/eventbridge v1.16.17 h1:MSUSEjlL0+WOhFzYmDp7S2M09AzVC3bjLQke6+yc54g=
github.com/aws/aws-sdk-go-v2/service/eventbridge v1.16.17/go.mod h1:8g5GmQrg6Q44ap2NIxBb6eCZojS70QhJiv0qsgHVSKo=
github.com/aws/aws-sdk-go-v2/service/firehose v1.14.21 h1:EKDd9Sw0A+nQzu+Zhb2VXfCek5XhxjllqQ8dRiWYAFs=
github.com/aws/aws-sdk-go-v2/service/firehose v1.14.21/go.mod h1:vbq9arSe5Aea0stKmuye07Aw7fWFjG4l4QWjJgGZqbM=
github.com/aws/aws-sdk-go-v2/service/frauddetector v1.20.12 h1:JD/u+1toJg4r6xs3EVRLwnZpvib6cKl999lfG86t3eM=
github.com/aws/aws-sdk-go-v2/service/frauddetector v1.20.12/go.mod h1:0ce3mgG0zrYkxN3h8a4eYRPmqyjOUeHrPLrLuNp8Vt0=
github.com/aws/aws-sdk-go-v2/service/fsx v1.25.4 h1:cqb2+5MxHa+qdNWiu4giFuDdgBlyDzDawiROMYTuzBM=
github.com/aws/aws-sdk-go-v2/service/fsx v1.25.4/go.mod h1:dOw+yZ4MsogGQIWd7z6jNb0Q9aSlSeTy3EZWKDGT/dM=
github.com/aws/aws-sdk-go-v2/service/glacier v1.13.19 h1:M86KFP3/fdzc6K086dQBXQt33b2MgJm0NrS1rpTiPTc=
github.com/aws/aws-sdk-go-v2/service/glacier v1.13.19/go.mod h1:7MGK06cTuL6BJFSBxohZpSRmAMqwboOZeaV9ryxYU1k=
github.com/aws/aws-sdk-go-v2/service/glue v1.34.0 h1:jdw7iupnOuHx4zt0CpGVYIUSxJIXIUytTdfrNbjSo84=
github.com/aws/aws-sdk-go-v2/service/glue v1.34.0/go.mod h1:kgD6fBlQEkhJlffBbS8SGYtpjboavr9e8B1ZouD84pY=
github.com/aws/aws-sdk-go-v2/service/guardduty v1.16.2 h1:vFH3aWKRKpFmW3Gr3i4PmzSHLAqfPiiieFgBmuquX2w=
github.com/aws/aws-sdk-go-v2/service/guardduty v1.16.2/go.mod h1:bJBlstzVX8emi2VkkOy5IEVSXLY3pB5LMaj3cGlMPWs=
github.com/aws/aws-sdk-go-v2/service/iam v1.18.23 h1:HOtW30EkfQevdv++mKguMyn8/agh1z2VuBGR4Hou/u8=
github.com/aws/aws-sdk-go-v2/service/iam v1.18.23/go.mod h1:yQ92mKfw/Gg5AvgxGmfdufKEyVoa9RNBsdnB9j5Gzkk=
github.com/aws/aws-sdk-go-v2/service/inspector v1.12.19 h1:KClsAq+4323bp2OHeeY62LegsdCOPp8hHjGe006evZ0=
github.com/aws/aws-sdk-go-v2/service/inspector v1.12.19/go.mod h1:tIgMf6Uvh2L/EOv21qpsusgzzbeooGiB/Vqsy/8FSbE=
github.com/aws/aws-sdk-go-v2/service/inspector2 v1.8.3 h1:AghX3L+JJwVSu5F3FKjqgfI04+oNOvY3IxHygeQJTYI=
github.com/aws/aws-sdk-go-v2/service/inspector2 v1.8.3/go.mod h1:JQ5AuJSKfbTRJadoaBD52g5fwMLdz4cwJ2eM1/VlLWU=
github.com/aws/aws-sdk-go-v2/service/internal/accept-encoding v1.9.10 h1:dpiPHgmFstgkLG07KaYAewvuptq5kvo52xn7tVSrtrQ=
github.com/aws/aws-sdk-go-v2/service/internal/accept-encoding v1.9.10/go.mod h1:9cBNUHI2aW4ho0A5T87O294iPDuuUOSIEDjnd1Lq/z0=
github.com/aws/aws-sdk-go-v2/service/internal/checksum v1.1.20 h1:KSvtm1+fPXE0swe9GPjc6msyrdTT0LB/BP8eLugL1FI=
github.com/aws/aws-sdk-go-v2/service/internal/checksum v1.1.20/go.mod h1:Mp4XI/CkWGD79AQxZ5lIFlgvC0A+gl+4BmyG1F+SfNc=
github.com/aws/aws-sdk-go-v2/service/internal/endpoint-discovery v1.7.19 h1:V03dAtcAN4Qtly7H3/0B6m3t/cyl4FgyKFqK738fyJw=
github.com/aws/aws-sdk-go-v2/service/internal/endpoint-discovery v1.7.19/go.mod h1:2WpVWFC5n4DYhjNXzObtge8xfgId9UP6GWca46KJFLo=
github.com/aws/aws-sdk-go-v2/service/internal/presigned-url v1.9.19 h1:GE25AWCdNUPh9AOJzI9KIJnja7IwUc1WyUqz/JTyJ/I=
github.com/aws/aws-sdk-go-v2/service/internal/presigned-url v1.9.19/go.mod h1:02CP6iuYP+IVnBX5HULVdSAku/85eHB2Y9EsFhrkEwU=
github.com/aws/aws-sdk-go-v2/service/internal/s3shared v1.13.19 h1:piDBAaWkaxkkVV3xJJbTehXCZRXYs49kvpi/LG6LR2o=
github.com/aws/aws-sdk-go-v2/service/internal/s3shared v1.13.19/go.mod h1:BmQWRVkLTmyNzYPFAZgon53qKLWBNSvonugD1MrSWUs=
github.com/aws/aws-sdk-go-v2/service/iot v1.30.0 h1:0kuklEMb+zxeu47hO9+SmHOowwecMhIoeJji+76TnXc=
github.com/aws/aws-sdk-go-v2/service/iot v1.30.0/go.mod h1:qDeNiCLWGv+ndS6YhqROH3uw+S2MU3xuutmtxVTRIpk=
github.com/aws/aws-sdk-go-v2/service/kinesis v1.15.21 h1:a7yiLIXxpCPL9bGNfvjZVsA7LI4W7NVS0/ZMYYIT6kE=
github.com/aws/aws-sdk-go-v2/service/kinesis v1.15.21/go.mod h1:ucTnH7zv9Q8tIpVDU4rqA12YvWewxeluLWjynCpHDKM=
github.com/aws/aws-sdk-go-v2/service/kms v1.18.15 h1:hWPFd4GjCZLTb9Nvw+GuzZ4qTnvWoaqcLcrgofQGkhw=
github.com/aws/aws-sdk-go-v2/service/kms v1.18.15/go.mod h1:kZodDPTQjSH/qM6/OvyTfM5mms5JHB/EKYp5dhn/vI4=
github.com/aws/aws-sdk-go-v2/service/lambda v1.24.8 h1:h//zBx2mVA+V07GWk/IgHnFeeHLmmgS/YuSsXSyzEqA=
github.com/aws/aws-sdk-go-v2/service/lambda v1.24.8/go.mod h1:2oqKd3SCTyhVaUei20xDUOOcqOAuAnbCy79w/t1dDVs=
github.com/aws/aws-sdk-go-v2/service/lightsail v1.23.2 h1:taL77V/XEcokFi29cmG9aFmCx42IlWbXOvQVk4cGpCs=
github.com/aws/aws-sdk-go-v2/service/lightsail v1.23.2/go.mod h1:LYCAGTJ4XgNZAESKxLC9L12F7IIQbJHccVxanY8DYzo=
github.com/aws/aws-sdk-go-v2/service/mq v1.13.15 h1:K0UbxNfaPHoIXo0T4L4jrbE+TKcVPYp55nEnMLxVRPk=
github.com/aws/aws-sdk-go-v2/service/mq v1.13.15/go.mod h1:ycghPMXYItx5Y74iehFgGwDNUMXdq0xCxLaYC5uYZO0=
github.com/aws/aws-sdk-go-v2/service/neptune v1.18.0 h1:KjuTmFGJsFIkdrwb3Mn5vifuZQ7po2LuEoiVizMztgg=
github.com/aws/aws-sdk-go-v2/service/neptune v1.18.0/go.mod h1:YW+k1DAbNfgK2aS3AGPYSbNWCfsclfzEf4ZsNMGFdik=
github.com/aws/aws-sdk-go-v2/service/organizations v1.16.15 h1:DKPB04iAh04HwzriUgKlnRYfrpQzWkbjRdvnePO1glM=
github.com/aws/aws-sdk-go-v2/service/organizations v1.16.15/go.mod h1:ysLUNmzoQk89rK4yF0hjDBEX83YCuYSw6fK6KXqXpJ0=
github.com/aws/aws-sdk-go-v2/service/qldb v1.14.20 h1:3B5nC4Ih+aC/hRIkswN0pX1W6ityjWZL40gz/YSZXAo=
github.com/aws/aws-sdk-go-v2/service/qldb v1.14.20/go.mod h1:9morR/lAo8ziBkYz5gxtGe0FzAjkcUfxAqSk0Q9obDc=
github.com/aws/aws-sdk-go-v2/service/rds v1.27.0 h1:e8BL8AAoenvJLYNpaqKVA2I5DwNWJhd4vM4+ABT2dZk=
github.com/aws/aws-sdk-go-v2/service/rds v1.27.0/go.mod h1:wPFe1Cj3nZWmNWKKdkXw961l1dJheTZQ5JjPImqbMuI=
github.com/aws/aws-sdk-go-v2/service/redshift v1.26.13 h1:q1SMdYb6hOggSGeq9LZ+7cyTaOPyvjNcCTPxUldLyrc=
github.com/aws/aws-sdk-go-v2/service/redshift v1.26.13/go.mod h1:Ds+ElMoF3oxjYWJZofKeNeih3q3W7vzRCkRdnu/aOj8=
github.com/aws/aws-sdk-go-v2/service/resourcegroups v1.12.20 h1:HhErpYPjNSclXPBGPjw5UWtZ8KouzIGNmgaoGonmX7o=
github.com/aws/aws-sdk-go-v2/service/resourcegroups v1.12.20/go.mod h1:8U4gfVNaaVETUbr/j4DZNlplr6RF+ieI3tgQ7g4CtkA=
github.com/aws/aws-sdk-go-v2/service/route53 v1.22.4 h1:+dIaOyfJxK8ECZyJ+Y94ei51LhtGVMx+Yfwf7gMMorQ=
github.com/aws/aws-sdk-go-v2/service/route53 v1.22.4/go.mod h1:kUSK8EkGYdzFbTmADk0t7yRIoESH80xjWe8Bp6dQce8=
github.com/aws/aws-sdk-go-v2/service/route53domains v1.12.19 h1:UNe7/1LUyQ9udyVIdAg++HfuqnBgm3Or8f2nFCfSl0U=
github.com/aws/aws-sdk-go-v2/service/route53domains v1.12.19/go.mod h1:R+IY2m6VS/E6kIovpTeDOOvoZ0solwP7xBdsMXmkoaw=
github.com/aws/aws-sdk-go-v2/service/s3 v1.29.1 h1:/EMdFPW/Ppieh0WUtQf1+qCGNLdsq5UWUyevBQ6vMVc=
github.com/aws/aws-sdk-go-v2/service/s3 v1.29.1/go.mod h1:/NHbqPRiwxSPVOB2Xr+StDEH+GWV/64WwnUjv4KYzV0=
github.com/aws/aws-sdk-go-v2/service/s3control v1.24.2 h1:l4ElbOl7H8PANHh9bK+/F2YbmbbZZDi9gjcNydT83oc=
github.com/aws/aws-sdk-go-v2/service/s3control v1.24.2/go.mod h1:F2RWJqngKxHGxZUYA4jt/veKlbyXEpgSMZ67VyVpSEg=
github.com/aws/aws-sdk-go-v2/service/sagemaker v1.52.0 h1:D8P7iR7uTve6fA6rPm6R+tFEegWg/hVYZFrjhG38lsc=
github.com/aws/aws-sdk-go-v2/service/sagemaker v1.52.0/go.mod h1:umigFBRAb3i0OTRXRYDLlCawnJPYCWLhod55+tZHOFA=
github.com/aws/aws-sdk-go-v2/service/secretsmanager v1.16.4 h1:Hx79EGrkKNJya2iz2U5A7nyr7DjOu/TGTRefThfBZ1w=
github.com/aws/aws-sdk-go-v2/service/secretsmanager v1.16.4/go.mod h1:k6CPuxyzO247nYEM1baEwHH1kRtosRCvgahAepaaShw=
github.com/aws/aws-sdk-go-v2/service/servicecatalog v1.14.19 h1:IsBui5OwBHfMiwdBnfN7fLX4RCWnwu3s/v+yB1K2WiY=
github.com/aws/aws-sdk-go-v2/service/servicecatalog v1.14.19/go.mod h1:LK9h10/zEBOFiR0RccANZ7PjXAMQX3vaBsVthOtJl5A=
github.com/aws/aws-sdk-go-v2/service/servicecatalogappregistry v1.14.3 h1:0E7QBG6IX+aQeVYu8z9shyrEYB8pdEj1xPtjFXA5NQY=
github.com/aws/aws-sdk-go-v2/service/servicecatalogappregistry v1.14.3/go.mod h1:vkpPtfwM2VWYr/FyJf8ATmTmehAIJIvVCEfNm2YP2xQ=
github.com/aws/aws-sdk-go-v2/service/sesv2 v1.15.0 h1:I/EKJDC0fQTlUE656GEBSsrvwYSDd22EKxuXk46kFIU=
github.com/aws/aws-sdk-go-v2/service/sesv2 v1.15.0/go.mod h1:IeH7fIK+ReovHp+9rw9n5xxsxg5dDMLPF0DnL0AjPZc=
github.com/aws/aws-sdk-go-v2/service/shield v1.17.11 h1:asVClnJw6E3j+Eut6yDKKj8g2L7IxrumuuR9ljezDj0=
github.com/aws/aws-sdk-go-v2/service/shield v1.17.11/go.mod h1:qloZkhN0+LCjpowloMbF6zPIAXf+PCaK+uVgKkjbCDs=
github.com/aws/aws-sdk-go-v2/service/sns v1.18.3 h1:cEFSVrEnbjco0dkcejv7wand04RFaexRdEwbNd1zxCo=
github.com/aws/aws-sdk-go-v2/service/sns v1.18.3/go.mod h1:2cPUjR63iE9MPMPJtSyzYmsTFCNrN/Xi9j0v9BL5OU0=
github.com/aws/aws-sdk-go-v2/service/sqs v1.19.12 h1:uiG0JUqcL9w3IUu+tLG/BWJSUUhTgzkMVGThM2wDES4=
github.com/aws/aws-sdk-go-v2/service/sqs v1.19.12/go.mod h1:DKX/7/ZiAzHO6p6AhArnGdrV4r+d461weby8KeVtvC4=
github.com/aws/aws-sdk-go-v2/service/ssm v1.31.3 h1:U+Zum+CFTxGydzOjfkQiQ3UOdsvMzf+D72/m9W0CvA8=
github.com/aws/aws-sdk-go-v2/service/ssm v1.31.3/go.mod h1:rEsqsZrOp9YvSGPOrcL3pR9+i/QJaWRkAYbuxMa7yCU=
github.com/aws/aws-sdk-go-v2/service/sso v1.11.25 h1:GFZitO48N/7EsFDt8fMa5iYdmWqkUDDB3Eje6z3kbG0=
github.com/aws/aws-sdk-go-v2/service/sso v1.11.25/go.mod h1:IARHuzTXmj1C0KS35vboR0FeJ89OkEy1M9mWbK2ifCI=
github.com/aws/aws-sdk-go-v2/service/ssooidc v1.13.8 h1:jcw6kKZrtNfBPJkaHrscDOZoe5gvi9wjudnxvozYFJo=
github.com/aws/aws-sdk-go-v2/service/ssooidc v1.13.8/go.mod h1:er2JHN+kBY6FcMfcBBKNGCT3CarImmdFzishsqBmSRI=
github.com/aws/aws-sdk-go-v2/service/sts v1.17.1 h1:KRAix/KHvjGODaHAMXnxRk9t0D+4IJVUuS/uwXxngXk=
github.com/aws/aws-sdk-go-v2/service/sts v1.17.1/go.mod h1:bXcN3koeVYiJcdDU89n3kCYILob7Y34AeLopUbZgLT4=
github.com/aws/aws-sdk-go-v2/service/transfer v1.23.2 h1:tHkSfOrCjquGNuA9m/4w1lzN0zaWYnbiQQsWVHHOV38=
github.com/aws/aws-sdk-go-v2/service/transfer v1.23.2/go.mod h1:i+vVvmtMBMxR8mCxlkWpRA4hPC4zcJQ6uB0GaxFRm1k=
github.com/aws/aws-sdk-go-v2/service/waf v1.11.19 h1:ZvJJZauRxvRoliuin5NG8LGZBs3EQXcntjkPx8h7mi0=
github.com/aws/aws-sdk-go-v2/service/waf v1.11.19/go.mod h1:Njlk6JmJxtDIX12y9lsV3nVRrE3J3Jo8rzGSlF2dc74=
github.com/aws/aws-sdk-go-v2/service/wafregional v1.12.20 h1:4ZzNC1zBEyNKoXrklQDvVbW8R6+y7taXStPwxH4oa/4=
github.com/aws/aws-sdk-go-v2/service/wafregional v1.12.20/go.mod h1:AQz3+YMvHCpCXIf/HbB0TMMIVz4MBqc2mKkcdBjwt/Y=
github.com/aws/aws-sdk-go-v2/service/wafv2 v1.23.0 h1:6E51KqYvr49usRZNgpmUJdi+A//ZKCnQqxfN/s2G35U=
github.com/aws/aws-sdk-go-v2/service/wafv2 v1.23.0/go.mod h1:siJ63pQyokf9MFT2atLZOn73cnGg0GFoNyLxGWGbANo=
github.com/aws/aws-sdk-go-v2/service/workspaces v1.24.0 h1:XHqBl1w/18EzXNzLHjEp9CglcxPvgytVMMTgTCGkrh4=
github.com/aws/aws-sdk-go-v2/service/workspaces v1.24.0/go.mod h1:+rXEZ6ZaZr62yuD2l/jqrQ45hKVRaBL9X+y48wsAz2Q=
github.com/aws/aws-sdk-go-v2/service/xray v1.13.21 h1:70kwSD2R4DZyqGcLhQ7HekDIY64ZmjbXJNm6kY+a2vg=
github.com/aws/aws-sdk-go-v2/service/xray v1.13.21/go.mod h1:nbd2wBKxIAnziLIN5cKQm2qLMpaovxv+nOOSIr4FzAM=
github.com/aws/smithy-go v1.13.4 h1:/RN2z1txIJWeXeOkzX+Hk/4Uuvv7dWtCjbmVJcrskyk=
github.com/aws/smithy-go v1.13.4/go.mod h1:Tg+OJXh4MB2R/uN61Ko2f6hTZwB/ZYGOtib8J3gBHzA=
github.com/basgys/goxml2json v1.1.0 h1:4ln5i4rseYfXNd86lGEB+Vi652IsIXIvggKM/BhUKVw=
github.com/basgys/goxml2json v1.1.0/go.mod h1:wH7a5Np/Q4QoECFIU8zTQlZwZkrilY0itPfecMw41Dw=
github.com/bitly/go-simplejson v0.5.0 h1:6IH+V8/tVMab511d5bn4M7EwGXZf9Hj6i2xSwkNEM+Y=
github.com/bitly/go-simplejson v0.5.0/go.mod h1:cXHtHw4XUPsvGaxgjIAn8PhEWG9NfngEKAMDJEczWVA=
github.com/bradleyjkemp/cupaloy/v2 v2.8.0 h1:any4BmKE+jGIaMpnU8YgH/I2LPiLBufr6oMMlVBbn9M=
github.com/census-instrumentation/opencensus-proto v0.2.1/go.mod h1:f6KPmirojxKA12rnyqOA5BBL4O983OfeGPqjHWSTneU=
github.com/client9/misspell v0.3.4/go.mod h1:qj6jICC3Q7zFZvVWo7KLAzC3yx5G7kyvSDkc90ppPyw=
github.com/cloudquery/plugin-sdk v0.13.18 h1:b1M57Bpda6in8w31ifNfdnH5xuM7rHZhFTRPMel5P2c=
github.com/cloudquery/plugin-sdk v0.13.18/go.mod h1:ij2sQtPpVETDALZpeJ/JaL0KEmzJ9jXCmyem0PZqtUQ=
github.com/cncf/udpa/go v0.0.0-20191209042840-269d4d468f6f/go.mod h1:M8M6+tZqaGXZJjfX53e64911xZQV5JYwmTeXPW+k8Sc=
github.com/coreos/go-systemd v0.0.0-20190321100706-95778dfbb74e/go.mod h1:F5haX7vjVVG0kc13fIWeqUViNPyEJxv/OmvnBo0Yme4=
github.com/coreos/go-systemd/v22 v22.3.3-0.20220203105225-a9a7ef127534/go.mod h1:Y58oyj3AT4RCenI/lSvhwexgC+NSVTIJ3seZv2GcEnc=
github.com/cpuguy83/go-md2man/v2 v2.0.2/go.mod h1:tgQtvFlXSQOSOSIRvRPT7W67SCa46tRHOmNcaadrF8o=
github.com/davecgh/go-spew v1.1.0/go.mod h1:J7Y8YcW2NihsgmVo/mv3lAwl/skON4iLHjSsI+c5H38=
github.com/davecgh/go-spew v1.1.1 h1:vj9j/u1bqnvCEfJOwUhtlOARqs3+rkHYY13jYWTU97c=
github.com/davecgh/go-spew v1.1.1/go.mod h1:J7Y8YcW2NihsgmVo/mv3lAwl/skON4iLHjSsI+c5H38=
github.com/envoyproxy/go-control-plane v0.9.0/go.mod h1:YTl/9mNaCwkRvm6d1a2C3ymFceY/DCBVvsKhRF0iEA4=
github.com/envoyproxy/go-control-plane v0.9.4/go.mod h1:6rpuAdCZL397s3pYoYcLgu1mIlRU8Am5FuJP05cCM98=
github.com/envoyproxy/protoc-gen-validate v0.1.0/go.mod h1:iSmxcyjqTsJpI2R4NaDN7+kN2VEUnK/pcBlmesArF7c=
github.com/ettle/strcase v0.1.1 h1:htFueZyVeE1XNnMEfbqp5r67qAN/4r6ya1ysq8Q+Zcw=
github.com/ettle/strcase v0.1.1/go.mod h1:hzDLsPC7/lwKyBOywSHEP89nt2pDgdy+No1NBA9o9VY=
github.com/frankban/quicktest v1.14.3 h1:FJKSZTDHjyhriyC81FLQ0LY93eSai0ZyR/ZIkd3ZUKE=
github.com/getsentry/sentry-go v0.14.0 h1:rlOBkuFZRKKdUnKO+0U3JclRDQKlRu5vVQtkWSQvC70=
github.com/getsentry/sentry-go v0.14.0/go.mod h1:RZPJKSw+adu8PBNygiri/A98FqVr2HtRckJk9XVxJ9I=
github.com/ghodss/yaml v1.0.0 h1:wQHKEahhL6wmXdzwWG11gIVCkOv05bNOh+Rxn0yngAk=
github.com/ghodss/yaml v1.0.0/go.mod h1:4dBDuWmgqj2HViK6kFavaiC9ZROes6MMH2rRYeMEF04=
github.com/go-errors/errors v1.4.2 h1:J6MZopCL4uSllY1OfXM374weqZFFItUbrImctkmUxIA=
github.com/gocarina/gocsv v0.0.0-20220927221512-ad3251f9fa25 h1:wxgEEZvsnOTrDO2npSSKUMDx5IykfoGmro+/Vjc1BQ8=
github.com/gocarina/gocsv v0.0.0-20220927221512-ad3251f9fa25/go.mod h1:5YoVOkjYAQumqlV356Hj3xeYh4BdZuLE0/nRkf2NKkI=
github.com/godbus/dbus/v5 v5.0.4/go.mod h1:xhWf0FNVPg57R7Z0UbKHbJfkEywrmjJnf7w5xrFpKfA=
github.com/gogo/protobuf v1.2.1/go.mod h1:hp+jE20tsWTFYpLwKvXlhS1hjn+gTNwPg2I6zVXpSg4=
github.com/gogo/protobuf v1.3.2 h1:Ov1cvc58UF3b5XjBnZv7+opcTcQFZebYjWzi34vdm4Q=
github.com/golang/glog v0.0.0-20160126235308-23def4e6c14b/go.mod h1:SBH7ygxi8pfUlaOkMMuAQtPIUF8ecWP5IEl/CR7VP2Q=
github.com/golang/mock v1.1.1/go.mod h1:oTYuIxOrZwtPieC+H1uAHpcLFnEyAGVDL/k47Jfbm0A=
github.com/golang/mock v1.6.0 h1:ErTB+efbowRARo13NNdxyJji2egdxLGQhRaY+DUumQc=
github.com/golang/mock v1.6.0/go.mod h1:p6yTPP+5HYm5mzsMV8JkE6ZKdX+/wYM6Hr+LicevLPs=
github.com/golang/protobuf v1.2.0/go.mod h1:6lQm79b+lXiMfvg/cZm0SGofjICqVBUtrP5yJMmIC1U=
github.com/golang/protobuf v1.3.2/go.mod h1:6lQm79b+lXiMfvg/cZm0SGofjICqVBUtrP5yJMmIC1U=
github.com/golang/protobuf v1.3.3/go.mod h1:vzj43D7+SQXF/4pzW/hwtAqwc6iTitCiVSaWz5lYuqw=
github.com/golang/protobuf v1.5.0/go.mod h1:FsONVRAS9T7sI+LIUmWTfcYkHO4aIWwzhcaSAoJOfIk=
github.com/golang/protobuf v1.5.2 h1:ROPKBNFfQgOUMifHyP+KYbvpjbdoFNs+aK7DXlji0Tw=
github.com/golang/protobuf v1.5.2/go.mod h1:XVQd3VNwM+JqD3oG2Ue2ip4fOMUkwXdXDdiuN0vRsmY=
github.com/google/go-cmp v0.2.0/go.mod h1:oXzfMopK8JAjlY9xF4vHSVASa0yLyX7SntLO5aqRK0M=
github.com/google/go-cmp v0.4.0/go.mod h1:v8dTdLbMG2kIc/vJvl+f65V22dbkXbowE6jgT/gNBxE=
github.com/google/go-cmp v0.5.5/go.mod h1:v8dTdLbMG2kIc/vJvl+f65V22dbkXbowE6jgT/gNBxE=
github.com/google/go-cmp v0.5.8/go.mod h1:17dUlkBOakJ0+DkrSSNjCkIjxS6bF9zb3elmeNGIjoY=
github.com/google/go-cmp v0.5.9 h1:O2Tfq5qg4qc4AmwVlvv0oLiVAGB7enBSJ2x2DqQFi38=
github.com/google/go-cmp v0.5.9/go.mod h1:17dUlkBOakJ0+DkrSSNjCkIjxS6bF9zb3elmeNGIjoY=
github.com/google/uuid v1.3.0 h1:t6JiXgmwXMjEs8VusXIJk2BXHsn+wx8BZdTaoZ5fu7I=
github.com/google/uuid v1.3.0/go.mod h1:TIyPZe4MgqvfeYDBFedMoGGpEw/LqOeaOT+nhxU+yHo=
github.com/grpc-ecosystem/go-grpc-middleware/providers/zerolog/v2 v2.0.0-rc.3 h1:hRcWZ7716+E1tkMSZJ/QeeC2dPGGB1R/4z4m9RsL8Qg=
github.com/grpc-ecosystem/go-grpc-middleware/providers/zerolog/v2 v2.0.0-rc.3/go.mod h1:54asssGY3Bohr5FRbew+bjfuQTT2WS9V7hW7gPqmcKM=
github.com/grpc-ecosystem/go-grpc-middleware/v2 v2.0.0-rc.2.0.20201002093600-73cf2ae9d891 h1:2F7/en805byWQR92etfFjOqtRtWsUu09R7wm6LtlHEw=
github.com/grpc-ecosystem/go-grpc-middleware/v2 v2.0.0-rc.2.0.20201002093600-73cf2ae9d891/go.mod h1:GhphxcdlaRyAuBSvo6rV71BvQcvB/vuX8ugCyybuS2k=
github.com/iancoleman/strcase v0.2.0 h1:05I4QRnGpI0m37iZQRuskXh+w77mr6Z41lwQzuHLwW0=
github.com/iancoleman/strcase v0.2.0/go.mod h1:iwCmte+B7n89clKwxIoIXy/HfoL7AsD47ZCWhYzw7ho=
github.com/inconshreveable/mousetrap v1.0.1 h1:U3uMjPSQEBMNp1lFxmllqCPM6P5u/Xq7Pgzkat/bFNc=
github.com/inconshreveable/mousetrap v1.0.1/go.mod h1:vpF70FUmC8bwa3OWnCshd2FqLfsEA9PFc4w1p2J65bw=
github.com/jmespath/go-jmespath v0.4.0 h1:BEgLn5cpjn8UN1mAw4NjwDrS35OdebyEtFe+9YPoQUg=
github.com/jmespath/go-jmespath v0.4.0/go.mod h1:T8mJZnbsbmF+m6zOOFylbeCJqk5+pHWvzYPziyZiYoo=
github.com/jmespath/go-jmespath/internal/testify v1.5.1 h1:shLQSRRSCCPj3f2gpwzGwWFoC7ycTf1rcQZHOlsJ6N8=
github.com/jmespath/go-jmespath/internal/testify v1.5.1/go.mod h1:L3OGu8Wl2/fWfCI6z80xFu9LTZmf1ZRjMHUOPmWr69U=
github.com/kisielk/errcheck v1.1.0/go.mod h1:EZBBE59ingxPouuu3KfxchcWSUPOHkagtvWXihfKN4Q=
github.com/kisielk/gotool v1.0.0/go.mod h1:XhKaO+MFFWcvkIS/tQcRk01m1F5IRFswLeQ+oQHNcck=
github.com/kr/pretty v0.3.0 h1:WgNl7dwNpEZ6jJ9k1snq4pZsg7DOEN8hP9Xw0Tsjwk0=
github.com/kr/text v0.2.0 h1:5Nx0Ya0ZqY2ygV366QzturHI13Jq95ApcVaJBhpS+AY=
github.com/mattn/go-colorable v0.1.12/go.mod h1:u5H1YNBxpqRaxsYJYSkiCWKzEfiAb1Gb520KVy5xxl4=
github.com/mattn/go-colorable v0.1.13 h1:fFA4WZxdEF4tXPZVKMLwD8oUnCTTo08duU7wxecdEvA=
github.com/mattn/go-colorable v0.1.13/go.mod h1:7S9/ev0klgBDR4GtXTXX8a3vIGJpMovkB8vQcUbaXHg=
github.com/mattn/go-isatty v0.0.14/go.mod h1:7GGIvUiUoEMVVmxf/4nioHXj79iQHKdU27kJ6hsGG94=
github.com/mattn/go-isatty v0.0.16 h1:bq3VjFmv/sOjHtdEhmkEV4x1AJtvUvOJ2PFAZ5+peKQ=
github.com/mattn/go-isatty v0.0.16/go.mod h1:kYGgaQfpe5nmfYZH+SKPsOc2e4SrIfOl2e/yFXSvRLM=
github.com/mattn/go-runewidth v0.0.14 h1:+xnbZSEeDbOIg5/mE6JF0w6n9duR1l3/WmbinWVwUuU=
github.com/mitchellh/colorstring v0.0.0-20190213212951-d06e56a500db h1:62I3jR2EmQ4l5rM/4FEfDWcRD+abF5XlKShorW5LRoQ=
github.com/mitchellh/mapstructure v1.5.0 h1:jeMsZIYE/09sWLaz43PL7Gy6RuMjD2eJVyuac5Z2hdY=
github.com/mitchellh/mapstructure v1.5.0/go.mod h1:bFUtVrKA4DC2yAKiSyO/QUcy7e+RRV2QTWOzhPopBRo=
github.com/opentracing/opentracing-go v1.1.0/go.mod h1:UkNAQd3GIcIGf0SeVgPpRdFStlNbqXla1AfSYxPUl2o=
github.com/pingcap/errors v0.11.4 h1:lFuQV/oaUMGcD2tqt+01ROSmJs75VG1ToEOkZIZ4nE4=
github.com/pkg/errors v0.8.1/go.mod h1:bwawxfHBFNV+L2hUp1rHADufV3IMtnDRdf1r5NINEl0=
github.com/pkg/errors v0.9.1 h1:FEBLx1zS214owpjy7qsBeixbURkuhQAwrK5UwLGTwt4=
github.com/pkg/errors v0.9.1/go.mod h1:bwawxfHBFNV+L2hUp1rHADufV3IMtnDRdf1r5NINEl0=
github.com/pmezard/go-difflib v1.0.0 h1:4DBwDE0NGyQoBHbLQYPwSUPoCMWR5BEzIk/f1lZbAQM=
github.com/pmezard/go-difflib v1.0.0/go.mod h1:iKH77koFhYxTK1pcRnkKkqfTogsbg7gZNVY4sRDYZ/4=
github.com/prometheus/client_model v0.0.0-20190812154241-14fe0d1b01d4/go.mod h1:xMI15A0UPsDsEKsMN9yxemIoYk6Tm2C1GtYGdfGttqA=
github.com/rivo/uniseg v0.4.2 h1:YwD0ulJSJytLpiaWua0sBDusfsCZohxjxzVTYjwxfV8=
github.com/rogpeppe/go-internal v1.6.1 h1:/FiVV8dS/e+YqF2JvO3yXRFbBLTIuSDkuC7aBOAvL+k=
github.com/rs/xid v1.2.1/go.mod h1:+uKXf+4Djp6Md1KODXJxgGQPKngRmWyn10oCKFzNHOQ=
github.com/rs/xid v1.4.0/go.mod h1:trrq9SKmegXys3aeAKXMUTdJsYXVwGY3RLcfgqegfbg=
github.com/rs/zerolog v1.19.0/go.mod h1:IzD0RJ65iWH0w97OQQebJEvTZYvsCUm9WVLWBQrJRjo=
github.com/rs/zerolog v1.28.0 h1:MirSo27VyNi7RJYP3078AA1+Cyzd2GB66qy3aUHvsWY=
github.com/rs/zerolog v1.28.0/go.mod h1:NILgTygv/Uej1ra5XxGf82ZFSLk58MFGAUS2o6usyD0=
github.com/russross/blackfriday/v2 v2.1.0/go.mod h1:+Rmxgy9KzJVeS9/2gXHxylqXiyQDYRxCVz55jmeOWTM=
github.com/schollz/progressbar/v3 v3.11.0 h1:3nIBUF1Zw/pGUaRHP7PZWmARP7ZQbWQ6vL6hwoQiIvU=
github.com/spf13/cast v1.5.0 h1:rj3WzYc11XZaIZMPKmwP96zkFEnnAmV8s6XbB2aY32w=
github.com/spf13/cast v1.5.0/go.mod h1:SpXXQ5YoyJw6s3/6cMTQuxvgRl3PCJiyaX9p6b155UU=
github.com/spf13/cobra v1.6.1 h1:o94oiPyS4KD1mPy2fmcYYHHfCxLqYjJOhGsCHFZtEzA=
github.com/spf13/cobra v1.6.1/go.mod h1:IOw/AERYS7UzyrGinqmz6HLUo219MORXGxhbaJUqzrY=
github.com/spf13/pflag v1.0.5 h1:iy+VFUOCP1a+8yFto/drg2CJ5u0yRoB7fZw3DKv/JXA=
github.com/spf13/pflag v1.0.5/go.mod h1:McXfInJRrz4CZXVZOBLb0bTZqETkiAhM9Iw0y3An2Bg=
github.com/stretchr/objx v0.1.0/go.mod h1:HFkY916IF+rwdDfMAkV7OtwuqBVzrE8GR6GFx+wExME=
github.com/stretchr/objx v0.4.0/go.mod h1:YvHI0jy2hoMjB+UWwv71VJQ9isScKT/TqJzVSSt89Yw=
github.com/stretchr/objx v0.5.0/go.mod h1:Yh+to48EsGEfYuaHDzXPcE3xhTkx73EhmCGUpEOglKo=
github.com/stretchr/testify v1.4.0/go.mod h1:j7eGeouHqKxXV5pUuKE4zz7dFj8WfuZ+81PSLYec5m4=
github.com/stretchr/testify v1.5.1/go.mod h1:5W2xD1RspED5o8YsWQXVCued0rvSQ+mT+I5cxcmMvtA=
github.com/stretchr/testify v1.7.1/go.mod h1:6Fq8oRcR53rry900zMqJjRRixrwX3KX962/h/Wwjteg=
github.com/stretchr/testify v1.8.0/go.mod h1:yNjHg4UonilssWZ8iaSj1OCr/vHnekPRkoO+kdMU+MU=
github.com/stretchr/testify v1.8.1 h1:w7B6lhMri9wdJUVmEZPGGhZzrYTPvgJArz7wNPgYKsk=
github.com/stretchr/testify v1.8.1/go.mod h1:w2LPCIKwWwSfY2zedu0+kehJoqGctiVI29o6fzry7u4=
github.com/thoas/go-funk v0.9.2 h1:oKlNYv0AY5nyf9g+/GhMgS/UO2ces0QRdPKwkhY3VCk=
github.com/thoas/go-funk v0.9.2/go.mod h1:+IWnUfUmFO1+WVYQWQtIJHeRRdaIyyYglZN7xzUPe4Q=
github.com/yuin/goldmark v1.3.5/go.mod h1:mwnBkeHKe2W/ZEtQ+71ViKU8L12m81fl3OWwC1Zlc8k=
golang.org/x/crypto v0.0.0-20190308221718-c2843e01d9a2/go.mod h1:djNgcEr1/C05ACkg1iLfiJU5Ep61QUkGW8qpdssI0+w=
golang.org/x/crypto v0.0.0-20191011191535-87dc89f01550/go.mod h1:yigFU9vqHzYiE8UmvKecakEJjdnWj3jj499lnFckfCI=
golang.org/x/exp v0.0.0-20190121172915-509febef88a4/go.mod h1:CJ0aWSM057203Lf6IL+f9T1iT9GByDxfZKAQTCR3kQA=
golang.org/x/exp v0.0.0-20221031165847-c99f073a8326 h1:QfTh0HpN6hlw6D3vu8DAwC8pBIwikq0AI1evdm+FksE=
golang.org/x/exp v0.0.0-20221031165847-c99f073a8326/go.mod h1:CxIveKay+FTh1D0yPZemJVgC/95VzuuOLq5Qi4xnoYc=
golang.org/x/lint v0.0.0-20181026193005-c67002cb31c3/go.mod h1:UVdnD1Gm6xHRNCYTkRU2/jEulfH38KcIWyp/GAMgvoE=
golang.org/x/lint v0.0.0-20190227174305-5b3e6a55c961/go.mod h1:wehouNa3lNwaWXcvxsM5YxQ5yQlVC4a0KAMCusXpPoU=
golang.org/x/lint v0.0.0-20190313153728-d0100b6bd8b3/go.mod h1:6SW0HCj/g11FgYtHlgUYUwCkIfeOF89ocIRzGO/8vkc=
golang.org/x/mod v0.4.2/go.mod h1:s0Qsj1ACt9ePp/hMypM3fl4fZqREWJwdYDEqhRiZZUA=
golang.org/x/mod v0.6.0 h1:b9gGHsz9/HhJ3HF5DHQytPpuwocVTChQJK3AvoLRD5I=
golang.org/x/mod v0.6.0/go.mod h1:4mET923SAdbXp2ki8ey+zGs1SLqsuM2Y0uvdZR/fUNI=
golang.org/x/net v0.0.0-20180724234803-3673e40ba225/go.mod h1:mL1N/T3taQHkDXs73rZJwtUhF3w3ftmwwsq0BUmARs4=
golang.org/x/net v0.0.0-20180826012351-8a410e7b638d/go.mod h1:mL1N/T3taQHkDXs73rZJwtUhF3w3ftmwwsq0BUmARs4=
golang.org/x/net v0.0.0-20190213061140-3a22650c66bd/go.mod h1:mL1N/T3taQHkDXs73rZJwtUhF3w3ftmwwsq0BUmARs4=
golang.org/x/net v0.0.0-20190311183353-d8887717615a/go.mod h1:t9HGtf8HONx5eT2rtn7q6eTqICYqUVnKs3thJo3Qplg=
golang.org/x/net v0.0.0-20190404232315-eb5bcb51f2a3/go.mod h1:t9HGtf8HONx5eT2rtn7q6eTqICYqUVnKs3thJo3Qplg=
golang.org/x/net v0.0.0-20190620200207-3b0461eec859/go.mod h1:z5CRVTTTmAJ677TzLLGU+0bjPO0LkuOLi4/5GtJWs/s=
golang.org/x/net v0.0.0-20210405180319-a5a99cb37ef4/go.mod h1:p54w0d4576C0XHj96bSt6lcn1PtDYWL6XObtHCRCNQM=
golang.org/x/net v0.1.0 h1:hZ/3BUoy5aId7sCpA/Tc5lt8DkFgdVS2onTpJsZ/fl0=
golang.org/x/net v0.1.0/go.mod h1:Cx3nUiGt4eDBEyega/BKRp+/AlGL8hYe7U9odMt2Cco=
golang.org/x/oauth2 v0.0.0-20180821212333-d2e6202438be/go.mod h1:N/0e6XlmueqKjAGxoOufVs8QHGRruUQn6yWY3a++T0U=
golang.org/x/sync v0.0.0-20180314180146-1d60e4601c6f/go.mod h1:RxMgew5VJxzue5/jJTE5uejpjVlOe/izrB70Jof72aM=
golang.org/x/sync v0.0.0-20181108010431-42b317875d0f/go.mod h1:RxMgew5VJxzue5/jJTE5uejpjVlOe/izrB70Jof72aM=
golang.org/x/sync v0.0.0-20190423024810-112230192c58/go.mod h1:RxMgew5VJxzue5/jJTE5uejpjVlOe/izrB70Jof72aM=
golang.org/x/sync v0.0.0-20210220032951-036812b2e83c/go.mod h1:RxMgew5VJxzue5/jJTE5uejpjVlOe/izrB70Jof72aM=
golang.org/x/sync v0.1.0 h1:wsuoTGHzEhffawBOhz5CYhcrV4IdKZbEyZjBMuTp12o=
golang.org/x/sync v0.1.0/go.mod h1:RxMgew5VJxzue5/jJTE5uejpjVlOe/izrB70Jof72aM=
golang.org/x/sys v0.0.0-20180830151530-49385e6e1522/go.mod h1:STP8DvDyc/dI5b8T5hshtkjS+E42TnysNCUPdjciGhY=
golang.org/x/sys v0.0.0-20190215142949-d0b11bdaac8a/go.mod h1:STP8DvDyc/dI5b8T5hshtkjS+E42TnysNCUPdjciGhY=
golang.org/x/sys v0.0.0-20190412213103-97732733099d/go.mod h1:h1NjWce9XRLGQEsW7wpKNCjG9DtNlClVuFLEZdDNbEs=
golang.org/x/sys v0.0.0-20201119102817-f84b799fce68/go.mod h1:h1NjWce9XRLGQEsW7wpKNCjG9DtNlClVuFLEZdDNbEs=
golang.org/x/sys v0.0.0-20210330210617-4fbd30eecc44/go.mod h1:h1NjWce9XRLGQEsW7wpKNCjG9DtNlClVuFLEZdDNbEs=
golang.org/x/sys v0.0.0-20210510120138-977fb7262007/go.mod h1:oPkhp1MJrh7nUepCBck5+mAzfO9JrbApNNgaTdGDITg=
golang.org/x/sys v0.0.0-20210630005230-0f9fa26af87c/go.mod h1:oPkhp1MJrh7nUepCBck5+mAzfO9JrbApNNgaTdGDITg=
golang.org/x/sys v0.0.0-20210927094055-39ccf1dd6fa6/go.mod h1:oPkhp1MJrh7nUepCBck5+mAzfO9JrbApNNgaTdGDITg=
golang.org/x/sys v0.0.0-20220811171246-fbc7d0a398ab/go.mod h1:oPkhp1MJrh7nUepCBck5+mAzfO9JrbApNNgaTdGDITg=
golang.org/x/sys v0.1.0 h1:kunALQeHf1/185U1i0GOB/fy1IPRDDpuoOOqRReG57U=
golang.org/x/sys v0.1.0/go.mod h1:oPkhp1MJrh7nUepCBck5+mAzfO9JrbApNNgaTdGDITg=
golang.org/x/term v0.0.0-20201126162022-7de9c90e9dd1/go.mod h1:bj7SfCRtBDWHUb9snDiAeCFNEtKQo2Wmx5Cou7ajbmo=
golang.org/x/term v0.1.0 h1:g6Z6vPFA9dYBAF7DWcH6sCcOntplXsDKcliusYijMlw=
golang.org/x/text v0.3.0/go.mod h1:NqM8EUOU14njkJ3fqMW+pc6Ldnwhi/IjpwHt7yyuwOQ=
golang.org/x/text v0.3.3/go.mod h1:5Zoc/QRtKVWzQhOtBMvqHzDpF6irO9z98xDceosuGiQ=
golang.org/x/text v0.4.0 h1:BrVqGRd7+k1DiOgtnFvAkoQEWQvBc25ouMJM6429SFg=
golang.org/x/text v0.4.0/go.mod h1:mrYo+phRRbMaCq/xk9113O4dZlRixOauAjOtrjsXDZ8=
golang.org/x/tools v0.0.0-20180221164845-07fd8470d635/go.mod h1:n7NCudcB/nEzxVGmLbDWY5pfWTLqBcC2KZ6jyYvM4mQ=
golang.org/x/tools v0.0.0-20180917221912-90fa682c2a6e/go.mod h1:n7NCudcB/nEzxVGmLbDWY5pfWTLqBcC2KZ6jyYvM4mQ=
golang.org/x/tools v0.0.0-20190114222345-bf090417da8b/go.mod h1:n7NCudcB/nEzxVGmLbDWY5pfWTLqBcC2KZ6jyYvM4mQ=
golang.org/x/tools v0.0.0-20190226205152-f727befe758c/go.mod h1:9Yl7xja0Znq3iFh3HoIrodX9oNMXvdceNzlUR8zjMvY=
golang.org/x/tools v0.0.0-20190311212946-11955173bddd/go.mod h1:LCzVGOaR6xXOjkQ3onu1FJEFr0SW1gC7cKk1uF8kGRs=
golang.org/x/tools v0.0.0-20190524140312-2c0ae7006135/go.mod h1:RgjU9mgBXZiqYHBnxXauZ1Gv1EHHAz9KjViQ78xBX0Q=
golang.org/x/tools v0.0.0-20190828213141-aed303cbaa74/go.mod h1:b+2E5dAYhXwXZwtnZ6UAqBI28+e2cm9otk0dWdXHAEo=
golang.org/x/tools v0.0.0-20191119224855-298f0cb1881e/go.mod h1:b+2E5dAYhXwXZwtnZ6UAqBI28+e2cm9otk0dWdXHAEo=
golang.org/x/tools v0.1.1/go.mod h1:o0xws9oXOQQZyjljx8fwUC0k7L1pTE6eaCbjGeHmOkk=
golang.org/x/tools v0.2.0 h1:G6AHpWxTMGY1KyEYoAQ5WTtIekUUvDNjan3ugu60JvE=
golang.org/x/tools v0.2.0/go.mod h1:y4OqIKeOV/fWJetJ8bXPU1sEVniLMIyDAZWeHdV+NTA=
golang.org/x/xerrors v0.0.0-20190717185122-a985d3407aa7/go.mod h1:I/5z698sn9Ka8TeJc9MKroUUfqBBauWjQqLJ2OPfmY0=
golang.org/x/xerrors v0.0.0-20191011141410-1b5146add898/go.mod h1:I/5z698sn9Ka8TeJc9MKroUUfqBBauWjQqLJ2OPfmY0=
golang.org/x/xerrors v0.0.0-20191204190536-9bdfabe68543/go.mod h1:I/5z698sn9Ka8TeJc9MKroUUfqBBauWjQqLJ2OPfmY0=
golang.org/x/xerrors v0.0.0-20200804184101-5ec99f83aff1/go.mod h1:I/5z698sn9Ka8TeJc9MKroUUfqBBauWjQqLJ2OPfmY0=
google.golang.org/appengine v1.1.0/go.mod h1:EbEs0AVv82hx2wNQdGPgUI5lhzA/G0D9YwlJXL52JkM=
google.golang.org/appengine v1.4.0/go.mod h1:xpcJRLb0r/rnEns0DIKYYv+WjYCduHsrkT7/EB5XEv4=
google.golang.org/genproto v0.0.0-20180817151627-c66870c02cf8/go.mod h1:JiN7NxoALGmiZfu7CAH4rXhgtRTLTxftemlI0sWmxmc=
google.golang.org/genproto v0.0.0-20190819201941-24fa4b261c55/go.mod h1:DMBHOl98Agz4BDEuKkezgsaosCRResVns1a3J2ZsMNc=
google.golang.org/genproto v0.0.0-20220930163606-c98284e70a91 h1:Ezh2cpcnP5Rq60sLensUsFnxh7P6513NLvNtCm9iyJ4=
google.golang.org/genproto v0.0.0-20220930163606-c98284e70a91/go.mod h1:3526vdqwhZAwq4wsRUaVG555sVgsNmIjRtO7t/JH29U=
google.golang.org/grpc v1.19.0/go.mod h1:mqu4LbDTu4XGKhr4mRzUsmM4RtVoemTSY81AxZiDr8c=
google.golang.org/grpc v1.23.0/go.mod h1:Y5yQAOtifL1yxbo5wqy6BxZv8vAUGQwXBOALyacEbxg=
google.golang.org/grpc v1.25.1/go.mod h1:c3i+UQWmh7LiEpx4sFZnkU36qjEYZ0imhYfXVyQciAY=
google.golang.org/grpc v1.30.0/go.mod h1:N36X2cJ7JwdamYAgDz+s+rVMFjt3numwzf/HckM8pak=
google.golang.org/grpc v1.50.1 h1:DS/BukOZWp8s6p4Dt/tOaJaTQyPyOoCcrjroHuCeLzY=
google.golang.org/grpc v1.50.1/go.mod h1:ZgQEeidpAuNRZ8iRrlBKXZQP1ghovWIVhdJRyCDK+GI=
google.golang.org/protobuf v1.26.0-rc.1/go.mod h1:jlhhOSvTdKEhbULTjvd4ARK9grFBp09yW+WbY/TyQbw=
google.golang.org/protobuf v1.26.0/go.mod h1:9q0QmTI4eRPtz6boOQmLYwt+qCgq0jsYwAQnmE0givc=
google.golang.org/protobuf v1.28.1 h1:d0NfwRgPtno5B1Wa6L2DAG+KivqkdutMf1UhdNx175w=
google.golang.org/protobuf v1.28.1/go.mod h1:HV8QOd/L58Z+nl8r43ehVNZIU/HEI6OcFqwMG9pJV4I=
gopkg.in/check.v1 v0.0.0-20161208181325-20d25e280405/go.mod h1:Co6ibVJAznAaIkqp8huTwlJQCZ016jof/cbN4VW5Yz0=
gopkg.in/check.v1 v1.0.0-20201130134442-10cb98267c6c h1:Hei/4ADfdWqJk1ZMxUNpqntNwaWcugrBjAiHlqqRiVk=
gopkg.in/yaml.v2 v2.2.2/go.mod h1:hI93XBmqTisBFMUTm0b8Fm+jr3Dg1NNxqwp+5A1VGuI=
gopkg.in/yaml.v2 v2.2.8/go.mod h1:hI93XBmqTisBFMUTm0b8Fm+jr3Dg1NNxqwp+5A1VGuI=
gopkg.in/yaml.v2 v2.4.0 h1:D8xgwECY7CYvx+Y2n4sBz93Jn9JRvxdiyyo8CTfuKaY=
gopkg.in/yaml.v2 v2.4.0/go.mod h1:RDklbk79AGWmwhnvt/jBztapEOGDOx6ZbXqjP6csGnQ=
gopkg.in/yaml.v3 v3.0.0-20200313102051-9f266ea9e77c/go.mod h1:K4uyk7z7BCEPqu6E+C64Yfv1cQ7kz7rIZviUmN+EgEM=
gopkg.in/yaml.v3 v3.0.1 h1:fxVm/GzAzEWqLHuvctI91KS9hhNmmWOoWu0XTYJS7CA=
gopkg.in/yaml.v3 v3.0.1/go.mod h1:K4uyk7z7BCEPqu6E+C64Yfv1cQ7kz7rIZviUmN+EgEM=
honnef.co/go/tools v0.0.0-20190102054323-c2f93a96b099/go.mod h1:rf3lG4BRIbNafJWhAfAdb/ePZxsR/4RtNHQocxwk9r4=
honnef.co/go/tools v0.0.0-20190523083050-ea95bdfd59fc/go.mod h1:rf3lG4BRIbNafJWhAfAdb/ePZxsR/4RtNHQocxwk9r4=
